// !$*UTF8*$!
{
	archiveVersion = 1;
	classes = {
	};
	objectVersion = 46;
	objects = {

/* Begin PBXBuildFile section */
		8A648ADD1B1C0AD100B14575 /* main.m in Sources */ = {isa = PBXBuildFile; fileRef = 8A648ADC1B1C0AD100B14575 /* main.m */; };
		8A648AE01B1C0AD100B14575 /* AppDelegate.m in Sources */ = {isa = PBXBuildFile; fileRef = 8A648ADF1B1C0AD100B14575 /* AppDelegate.m */; };
		8A648AE31B1C0AD100B14575 /* ViewController.m in Sources */ = {isa = PBXBuildFile; fileRef = 8A648AE21B1C0AD100B14575 /* ViewController.m */; };
		8A648AE61B1C0AD100B14575 /* Main.storyboard in Resources */ = {isa = PBXBuildFile; fileRef = 8A648AE41B1C0AD100B14575 /* Main.storyboard */; };
		8A648AE81B1C0AD100B14575 /* Images.xcassets in Resources */ = {isa = PBXBuildFile; fileRef = 8A648AE71B1C0AD100B14575 /* Images.xcassets */; };
		8A648AEB1B1C0AD100B14575 /* LaunchScreen.xib in Resources */ = {isa = PBXBuildFile; fileRef = 8A648AE91B1C0AD100B14575 /* LaunchScreen.xib */; };
		8A648AF71B1C0AD100B14575 /* MovieCMSTests.m in Sources */ = {isa = PBXBuildFile; fileRef = 8A648AF61B1C0AD100B14575 /* MovieCMSTests.m */; };
		8A648B091B1C0FCA00B14575 /* MFSideMenuContainerViewController.m in Sources */ = {isa = PBXBuildFile; fileRef = 8A648B041B1C0FCA00B14575 /* MFSideMenuContainerViewController.m */; settings = {COMPILER_FLAGS = "-fno-objc-arc"; }; };
		8A648B0A1B1C0FCA00B14575 /* MFSideMenuShadow.m in Sources */ = {isa = PBXBuildFile; fileRef = 8A648B061B1C0FCA00B14575 /* MFSideMenuShadow.m */; settings = {COMPILER_FLAGS = "-fno-objc-arc"; }; };
		8A648B0B1B1C0FCA00B14575 /* UIViewController+MFSideMenuAdditions.m in Sources */ = {isa = PBXBuildFile; fileRef = 8A648B081B1C0FCA00B14575 /* UIViewController+MFSideMenuAdditions.m */; };
		8AABB4201B1C5567005057F1 /* LICENSE.txt in Resources */ = {isa = PBXBuildFile; fileRef = 8AABB4151B1C5567005057F1 /* LICENSE.txt */; };
		8AABB4211B1C5567005057F1 /* OpenSans-Bold.ttf in Resources */ = {isa = PBXBuildFile; fileRef = 8AABB4161B1C5567005057F1 /* OpenSans-Bold.ttf */; };
		8AABB4221B1C5567005057F1 /* OpenSans-BoldItalic.ttf in Resources */ = {isa = PBXBuildFile; fileRef = 8AABB4171B1C5567005057F1 /* OpenSans-BoldItalic.ttf */; };
		8AABB4231B1C5567005057F1 /* OpenSans-ExtraBold.ttf in Resources */ = {isa = PBXBuildFile; fileRef = 8AABB4181B1C5567005057F1 /* OpenSans-ExtraBold.ttf */; };
		8AABB4241B1C5567005057F1 /* OpenSans-ExtraBoldItalic.ttf in Resources */ = {isa = PBXBuildFile; fileRef = 8AABB4191B1C5567005057F1 /* OpenSans-ExtraBoldItalic.ttf */; };
		8AABB4251B1C5567005057F1 /* OpenSans-Italic.ttf in Resources */ = {isa = PBXBuildFile; fileRef = 8AABB41A1B1C5567005057F1 /* OpenSans-Italic.ttf */; };
		8AABB4261B1C5567005057F1 /* OpenSans-Light.ttf in Resources */ = {isa = PBXBuildFile; fileRef = 8AABB41B1B1C5567005057F1 /* OpenSans-Light.ttf */; };
		8AABB4271B1C5567005057F1 /* OpenSans-LightItalic.ttf in Resources */ = {isa = PBXBuildFile; fileRef = 8AABB41C1B1C5567005057F1 /* OpenSans-LightItalic.ttf */; };
		8AABB4281B1C5567005057F1 /* OpenSans-Regular.ttf in Resources */ = {isa = PBXBuildFile; fileRef = 8AABB41D1B1C5567005057F1 /* OpenSans-Regular.ttf */; };
		8AABB4291B1C5567005057F1 /* OpenSans-Semibold.ttf in Resources */ = {isa = PBXBuildFile; fileRef = 8AABB41E1B1C5567005057F1 /* OpenSans-Semibold.ttf */; };
		8AABB42A1B1C5567005057F1 /* OpenSans-SemiboldItalic.ttf in Resources */ = {isa = PBXBuildFile; fileRef = 8AABB41F1B1C5567005057F1 /* OpenSans-SemiboldItalic.ttf */; };
		8AABB42C1B1C7783005057F1 /* snsd_genie.jpg in Resources */ = {isa = PBXBuildFile; fileRef = 8AABB42B1B1C7783005057F1 /* snsd_genie.jpg */; };
		8AABB48E1B1C78ED005057F1 /* 001_6plus.jpg in Resources */ = {isa = PBXBuildFile; fileRef = 8AABB46C1B1C78ED005057F1 /* 001_6plus.jpg */; };
		8AABB48F1B1C78ED005057F1 /* 002_6plus.jpg in Resources */ = {isa = PBXBuildFile; fileRef = 8AABB46D1B1C78ED005057F1 /* 002_6plus.jpg */; };
		8AABB4901B1C78ED005057F1 /* 003_plus.jpg in Resources */ = {isa = PBXBuildFile; fileRef = 8AABB46E1B1C78ED005057F1 /* 003_plus.jpg */; };
		8AABB4911B1C78ED005057F1 /* 004_plus.jpg in Resources */ = {isa = PBXBuildFile; fileRef = 8AABB46F1B1C78ED005057F1 /* 004_plus.jpg */; };
		8AABB4921B1C78ED005057F1 /* 005_plus.jpg in Resources */ = {isa = PBXBuildFile; fileRef = 8AABB4701B1C78ED005057F1 /* 005_plus.jpg */; };
		8AABB4931B1C78ED005057F1 /* 006_6plus.jpg in Resources */ = {isa = PBXBuildFile; fileRef = 8AABB4711B1C78ED005057F1 /* 006_6plus.jpg */; };
		8AABB4941B1C78ED005057F1 /* 007_6plus.jpg in Resources */ = {isa = PBXBuildFile; fileRef = 8AABB4721B1C78ED005057F1 /* 007_6plus.jpg */; };
		8AABB4951B1C78ED005057F1 /* 008_6plus.jpg in Resources */ = {isa = PBXBuildFile; fileRef = 8AABB4731B1C78ED005057F1 /* 008_6plus.jpg */; };
		8AABB4961B1C78ED005057F1 /* 001_6plus_background.png in Resources */ = {isa = PBXBuildFile; fileRef = 8AABB4751B1C78ED005057F1 /* 001_6plus_background.png */; };
		8AABB4971B1C78ED005057F1 /* 001_6plus_biglogo.png in Resources */ = {isa = PBXBuildFile; fileRef = 8AABB4761B1C78ED005057F1 /* 001_6plus_biglogo.png */; };
		8AABB4981B1C78ED005057F1 /* 001_6plus_facebookbutton.png in Resources */ = {isa = PBXBuildFile; fileRef = 8AABB4771B1C78ED005057F1 /* 001_6plus_facebookbutton.png */; };
		8AABB4991B1C78ED005057F1 /* 001_6plus_googlebutton.png in Resources */ = {isa = PBXBuildFile; fileRef = 8AABB4781B1C78ED005057F1 /* 001_6plus_googlebutton.png */; };
		8AABB49A1B1C78ED005057F1 /* 001_6plus_loginbutton.png in Resources */ = {isa = PBXBuildFile; fileRef = 8AABB4791B1C78ED005057F1 /* 001_6plus_loginbutton.png */; };
		8AABB49B1B1C78ED005057F1 /* 001_6plus_whitebutton.png in Resources */ = {isa = PBXBuildFile; fileRef = 8AABB47A1B1C78ED005057F1 /* 001_6plus_whitebutton.png */; };
		8AABB49C1B1C78ED005057F1 /* 002_6plus_burger_icon.png in Resources */ = {isa = PBXBuildFile; fileRef = 8AABB47B1B1C78ED005057F1 /* 002_6plus_burger_icon.png */; };
		8AABB49D1B1C78ED005057F1 /* 002_6plus_list_nonselected.png in Resources */ = {isa = PBXBuildFile; fileRef = 8AABB47C1B1C78ED005057F1 /* 002_6plus_list_nonselected.png */; };
		8AABB49E1B1C78ED005057F1 /* 002_6plus_list_selected.png in Resources */ = {isa = PBXBuildFile; fileRef = 8AABB47D1B1C78ED005057F1 /* 002_6plus_list_selected.png */; };
		8AABB49F1B1C78ED005057F1 /* 002_6plus_qticheaderlogo.png in Resources */ = {isa = PBXBuildFile; fileRef = 8AABB47E1B1C78ED005057F1 /* 002_6plus_qticheaderlogo.png */; };
		8AABB4A01B1C78ED005057F1 /* 002_6plus_winner_nonselected.png in Resources */ = {isa = PBXBuildFile; fileRef = 8AABB47F1B1C78ED005057F1 /* 002_6plus_winner_nonselected.png */; };
		8AABB4A11B1C78ED005057F1 /* 002_6plus_winner_selected.png in Resources */ = {isa = PBXBuildFile; fileRef = 8AABB4801B1C78ED005057F1 /* 002_6plus_winner_selected.png */; };
		8AABB4A21B1C78ED005057F1 /* 003_plus_profile_nonselcted.png in Resources */ = {isa = PBXBuildFile; fileRef = 8AABB4811B1C78ED005057F1 /* 003_plus_profile_nonselcted.png */; };
		8AABB4A31B1C78ED005057F1 /* 003_plus_profile_selcted.png in Resources */ = {isa = PBXBuildFile; fileRef = 8AABB4821B1C78ED005057F1 /* 003_plus_profile_selcted.png */; };
		8AABB4A41B1C78ED005057F1 /* 003_plus_qr_nonselected.png in Resources */ = {isa = PBXBuildFile; fileRef = 8AABB4831B1C78ED005057F1 /* 003_plus_qr_nonselected.png */; };
		8AABB4A51B1C78ED005057F1 /* 003_plus_qr_selected.png in Resources */ = {isa = PBXBuildFile; fileRef = 8AABB4841B1C78ED005057F1 /* 003_plus_qr_selected.png */; };
		8AABB4A61B1C78ED005057F1 /* 003_plus_setting_nonselected.png in Resources */ = {isa = PBXBuildFile; fileRef = 8AABB4851B1C78ED005057F1 /* 003_plus_setting_nonselected.png */; };
		8AABB4A71B1C78ED005057F1 /* 003_plus_setting_selected.png in Resources */ = {isa = PBXBuildFile; fileRef = 8AABB4861B1C78ED005057F1 /* 003_plus_setting_selected.png */; };
		8AABB4A81B1C78ED005057F1 /* 005_plus_backbutton.png in Resources */ = {isa = PBXBuildFile; fileRef = 8AABB4871B1C78ED005057F1 /* 005_plus_backbutton.png */; };
		8AABB4A91B1C78ED005057F1 /* 007_6plus_longinputbar.png in Resources */ = {isa = PBXBuildFile; fileRef = 8AABB4881B1C78ED005057F1 /* 007_6plus_longinputbar.png */; };
		8AABB4AA1B1C78ED005057F1 /* 007_6plus_searchicon.png in Resources */ = {isa = PBXBuildFile; fileRef = 8AABB4891B1C78ED005057F1 /* 007_6plus_searchicon.png */; };
		8AABB4AB1B1C78ED005057F1 /* 008B_6plus_downbutton.png in Resources */ = {isa = PBXBuildFile; fileRef = 8AABB48A1B1C78ED005057F1 /* 008B_6plus_downbutton.png */; };
		8AABB4AC1B1C78ED005057F1 /* 001_6plus_background.png in Resources */ = {isa = PBXBuildFile; fileRef = 8AABB48C1B1C78ED005057F1 /* 001_6plus_background.png */; };
		8AABB4AD1B1C78ED005057F1 /* 001_6plus_biglogo.png in Resources */ = {isa = PBXBuildFile; fileRef = 8AABB48D1B1C78ED005057F1 /* 001_6plus_biglogo.png */; };
		8AABB4B01B1CBFCE005057F1 /* CustomNavBar.m in Sources */ = {isa = PBXBuildFile; fileRef = 8AABB4AF1B1CBFCE005057F1 /* CustomNavBar.m */; };
		8AABB4B21B1CBFE6005057F1 /* CustomNavBar.xib in Resources */ = {isa = PBXBuildFile; fileRef = 8AABB4B11B1CBFE6005057F1 /* CustomNavBar.xib */; };
		8AABB4B71B1D5760005057F1 /* QRScannerViewController.m in Sources */ = {isa = PBXBuildFile; fileRef = 8AABB4B51B1D5760005057F1 /* QRScannerViewController.m */; };
		8AABB4B81B1D5760005057F1 /* QRScannerViewController.xib in Resources */ = {isa = PBXBuildFile; fileRef = 8AABB4B61B1D5760005057F1 /* QRScannerViewController.xib */; };
		8AABB4BC1B1D8804005057F1 /* MenuSelectionCVCell.m in Sources */ = {isa = PBXBuildFile; fileRef = 8AABB4BA1B1D8804005057F1 /* MenuSelectionCVCell.m */; };
		8AABB4BD1B1D8804005057F1 /* MenuSelectionCVCell.xib in Resources */ = {isa = PBXBuildFile; fileRef = 8AABB4BB1B1D8804005057F1 /* MenuSelectionCVCell.xib */; };
		8AABB4C11B1D8A76005057F1 /* Utils.m in Sources */ = {isa = PBXBuildFile; fileRef = 8AABB4C01B1D8A76005057F1 /* Utils.m */; };
		8AABB4C51B1DA247005057F1 /* sample001.png in Resources */ = {isa = PBXBuildFile; fileRef = 8AABB4C31B1DA247005057F1 /* sample001.png */; };
		8AABB4C61B1DA247005057F1 /* sample002.png in Resources */ = {isa = PBXBuildFile; fileRef = 8AABB4C41B1DA247005057F1 /* sample002.png */; };
		8AABB4CA1B1DA8E8005057F1 /* MovieClass.m in Sources */ = {isa = PBXBuildFile; fileRef = 8AABB4C91B1DA8E8005057F1 /* MovieClass.m */; };
		8AABB4CC1B1DAC09005057F1 /* sample003.png in Resources */ = {isa = PBXBuildFile; fileRef = 8AABB4CB1B1DAC09005057F1 /* sample003.png */; };
		8AABB4D01B1DB900005057F1 /* DashboardWinnerTableViewCell.m in Sources */ = {isa = PBXBuildFile; fileRef = 8AABB4CE1B1DB900005057F1 /* DashboardWinnerTableViewCell.m */; };
		8AABB4D11B1DB900005057F1 /* DashboardWinnerTableViewCell.xib in Resources */ = {isa = PBXBuildFile; fileRef = 8AABB4CF1B1DB900005057F1 /* DashboardWinnerTableViewCell.xib */; };
		8AABB4D41B1DC0E4005057F1 /* MasterViewController.m in Sources */ = {isa = PBXBuildFile; fileRef = 8AABB4D31B1DC0E4005057F1 /* MasterViewController.m */; };
		8AABB4DC1B1E0657005057F1 /* Localizable.strings in Resources */ = {isa = PBXBuildFile; fileRef = 8AABB4DE1B1E0657005057F1 /* Localizable.strings */; };
		8ACB49781B1C2B96007575FB /* MenuViewController.m in Sources */ = {isa = PBXBuildFile; fileRef = 8ACB49761B1C2B96007575FB /* MenuViewController.m */; };
		8ACB497C1B1C2C15007575FB /* MenuView.m in Sources */ = {isa = PBXBuildFile; fileRef = 8ACB497B1B1C2C15007575FB /* MenuView.m */; };
		8ACB497E1B1C2C23007575FB /* MenuView.xib in Resources */ = {isa = PBXBuildFile; fileRef = 8ACB497D1B1C2C23007575FB /* MenuView.xib */; };
		8ACB49801B1C333E007575FB /* MenuTableViewCell.xib in Resources */ = {isa = PBXBuildFile; fileRef = 8ACB497F1B1C333E007575FB /* MenuTableViewCell.xib */; };
		8ACB49831B1C33A9007575FB /* MenuTableViewCell.m in Sources */ = {isa = PBXBuildFile; fileRef = 8ACB49821B1C33A9007575FB /* MenuTableViewCell.m */; };
		8ACB49881B1C3966007575FB /* ProfileViewController.m in Sources */ = {isa = PBXBuildFile; fileRef = 8ACB49861B1C3966007575FB /* ProfileViewController.m */; };
		8ACB49891B1C3966007575FB /* ProfileViewController.xib in Resources */ = {isa = PBXBuildFile; fileRef = 8ACB49871B1C3966007575FB /* ProfileViewController.xib */; };
		8ACB498F1B1C3CB1007575FB /* DashboardViewController.m in Sources */ = {isa = PBXBuildFile; fileRef = 8ACB498D1B1C3CB1007575FB /* DashboardViewController.m */; };
		8ACB49901B1C3CB1007575FB /* DashboardViewController.xib in Resources */ = {isa = PBXBuildFile; fileRef = 8ACB498E1B1C3CB1007575FB /* DashboardViewController.xib */; };
		8ACB49941B1C3E86007575FB /* DashboardTableViewCell.m in Sources */ = {isa = PBXBuildFile; fileRef = 8ACB49921B1C3E86007575FB /* DashboardTableViewCell.m */; };
		8ACB49951B1C3E86007575FB /* DashboardTableViewCell.xib in Resources */ = {isa = PBXBuildFile; fileRef = 8ACB49931B1C3E86007575FB /* DashboardTableViewCell.xib */; };
/* End PBXBuildFile section */

/* Begin PBXContainerItemProxy section */
		8A648AF11B1C0AD100B14575 /* PBXContainerItemProxy */ = {
			isa = PBXContainerItemProxy;
			containerPortal = 8A648ACF1B1C0AD100B14575 /* Project object */;
			proxyType = 1;
			remoteGlobalIDString = 8A648AD61B1C0AD100B14575;
			remoteInfo = MovieCMS;
		};
/* End PBXContainerItemProxy section */

/* Begin PBXFileReference section */
		8A648AD71B1C0AD100B14575 /* MovieCMS.app */ = {isa = PBXFileReference; explicitFileType = wrapper.application; includeInIndex = 0; path = MovieCMS.app; sourceTree = BUILT_PRODUCTS_DIR; };
		8A648ADB1B1C0AD100B14575 /* Info.plist */ = {isa = PBXFileReference; lastKnownFileType = text.plist.xml; path = Info.plist; sourceTree = "<group>"; };
		8A648ADC1B1C0AD100B14575 /* main.m */ = {isa = PBXFileReference; lastKnownFileType = sourcecode.c.objc; path = main.m; sourceTree = "<group>"; };
		8A648ADE1B1C0AD100B14575 /* AppDelegate.h */ = {isa = PBXFileReference; lastKnownFileType = sourcecode.c.h; path = AppDelegate.h; sourceTree = "<group>"; };
		8A648ADF1B1C0AD100B14575 /* AppDelegate.m */ = {isa = PBXFileReference; lastKnownFileType = sourcecode.c.objc; path = AppDelegate.m; sourceTree = "<group>"; };
		8A648AE11B1C0AD100B14575 /* ViewController.h */ = {isa = PBXFileReference; lastKnownFileType = sourcecode.c.h; path = ViewController.h; sourceTree = "<group>"; };
		8A648AE21B1C0AD100B14575 /* ViewController.m */ = {isa = PBXFileReference; lastKnownFileType = sourcecode.c.objc; path = ViewController.m; sourceTree = "<group>"; };
		8A648AE51B1C0AD100B14575 /* Base */ = {isa = PBXFileReference; lastKnownFileType = file.storyboard; name = Base; path = Base.lproj/Main.storyboard; sourceTree = "<group>"; };
		8A648AE71B1C0AD100B14575 /* Images.xcassets */ = {isa = PBXFileReference; lastKnownFileType = folder.assetcatalog; path = Images.xcassets; sourceTree = "<group>"; };
		8A648AEA1B1C0AD100B14575 /* Base */ = {isa = PBXFileReference; lastKnownFileType = file.xib; name = Base; path = Base.lproj/LaunchScreen.xib; sourceTree = "<group>"; };
		8A648AF01B1C0AD100B14575 /* MovieCMSTests.xctest */ = {isa = PBXFileReference; explicitFileType = wrapper.cfbundle; includeInIndex = 0; path = MovieCMSTests.xctest; sourceTree = BUILT_PRODUCTS_DIR; };
		8A648AF51B1C0AD100B14575 /* Info.plist */ = {isa = PBXFileReference; lastKnownFileType = text.plist.xml; path = Info.plist; sourceTree = "<group>"; };
		8A648AF61B1C0AD100B14575 /* MovieCMSTests.m */ = {isa = PBXFileReference; lastKnownFileType = sourcecode.c.objc; path = MovieCMSTests.m; sourceTree = "<group>"; };
		8A648B021B1C0FCA00B14575 /* MFSideMenu.h */ = {isa = PBXFileReference; fileEncoding = 4; lastKnownFileType = sourcecode.c.h; path = MFSideMenu.h; sourceTree = "<group>"; };
		8A648B031B1C0FCA00B14575 /* MFSideMenuContainerViewController.h */ = {isa = PBXFileReference; fileEncoding = 4; lastKnownFileType = sourcecode.c.h; path = MFSideMenuContainerViewController.h; sourceTree = "<group>"; };
		8A648B041B1C0FCA00B14575 /* MFSideMenuContainerViewController.m */ = {isa = PBXFileReference; fileEncoding = 4; lastKnownFileType = sourcecode.c.objc; path = MFSideMenuContainerViewController.m; sourceTree = "<group>"; };
		8A648B051B1C0FCA00B14575 /* MFSideMenuShadow.h */ = {isa = PBXFileReference; fileEncoding = 4; lastKnownFileType = sourcecode.c.h; path = MFSideMenuShadow.h; sourceTree = "<group>"; };
		8A648B061B1C0FCA00B14575 /* MFSideMenuShadow.m */ = {isa = PBXFileReference; fileEncoding = 4; lastKnownFileType = sourcecode.c.objc; path = MFSideMenuShadow.m; sourceTree = "<group>"; };
		8A648B071B1C0FCA00B14575 /* UIViewController+MFSideMenuAdditions.h */ = {isa = PBXFileReference; fileEncoding = 4; lastKnownFileType = sourcecode.c.h; path = "UIViewController+MFSideMenuAdditions.h"; sourceTree = "<group>"; };
		8A648B081B1C0FCA00B14575 /* UIViewController+MFSideMenuAdditions.m */ = {isa = PBXFileReference; fileEncoding = 4; lastKnownFileType = sourcecode.c.objc; path = "UIViewController+MFSideMenuAdditions.m"; sourceTree = "<group>"; };
		8AABB4151B1C5567005057F1 /* LICENSE.txt */ = {isa = PBXFileReference; fileEncoding = 4; lastKnownFileType = text; path = LICENSE.txt; sourceTree = "<group>"; };
		8AABB4161B1C5567005057F1 /* OpenSans-Bold.ttf */ = {isa = PBXFileReference; lastKnownFileType = file; path = "OpenSans-Bold.ttf"; sourceTree = "<group>"; };
		8AABB4171B1C5567005057F1 /* OpenSans-BoldItalic.ttf */ = {isa = PBXFileReference; lastKnownFileType = file; path = "OpenSans-BoldItalic.ttf"; sourceTree = "<group>"; };
		8AABB4181B1C5567005057F1 /* OpenSans-ExtraBold.ttf */ = {isa = PBXFileReference; lastKnownFileType = file; path = "OpenSans-ExtraBold.ttf"; sourceTree = "<group>"; };
		8AABB4191B1C5567005057F1 /* OpenSans-ExtraBoldItalic.ttf */ = {isa = PBXFileReference; lastKnownFileType = file; path = "OpenSans-ExtraBoldItalic.ttf"; sourceTree = "<group>"; };
		8AABB41A1B1C5567005057F1 /* OpenSans-Italic.ttf */ = {isa = PBXFileReference; lastKnownFileType = file; path = "OpenSans-Italic.ttf"; sourceTree = "<group>"; };
		8AABB41B1B1C5567005057F1 /* OpenSans-Light.ttf */ = {isa = PBXFileReference; lastKnownFileType = file; path = "OpenSans-Light.ttf"; sourceTree = "<group>"; };
		8AABB41C1B1C5567005057F1 /* OpenSans-LightItalic.ttf */ = {isa = PBXFileReference; lastKnownFileType = file; path = "OpenSans-LightItalic.ttf"; sourceTree = "<group>"; };
		8AABB41D1B1C5567005057F1 /* OpenSans-Regular.ttf */ = {isa = PBXFileReference; lastKnownFileType = file; path = "OpenSans-Regular.ttf"; sourceTree = "<group>"; };
		8AABB41E1B1C5567005057F1 /* OpenSans-Semibold.ttf */ = {isa = PBXFileReference; lastKnownFileType = file; path = "OpenSans-Semibold.ttf"; sourceTree = "<group>"; };
		8AABB41F1B1C5567005057F1 /* OpenSans-SemiboldItalic.ttf */ = {isa = PBXFileReference; lastKnownFileType = file; path = "OpenSans-SemiboldItalic.ttf"; sourceTree = "<group>"; };
		8AABB42B1B1C7783005057F1 /* snsd_genie.jpg */ = {isa = PBXFileReference; lastKnownFileType = image.jpeg; name = snsd_genie.jpg; path = ../MovieCMS/snsd_genie.jpg; sourceTree = "<group>"; };
		8AABB46C1B1C78ED005057F1 /* 001_6plus.jpg */ = {isa = PBXFileReference; lastKnownFileType = image.jpeg; path = 001_6plus.jpg; sourceTree = "<group>"; };
		8AABB46D1B1C78ED005057F1 /* 002_6plus.jpg */ = {isa = PBXFileReference; lastKnownFileType = image.jpeg; path = 002_6plus.jpg; sourceTree = "<group>"; };
		8AABB46E1B1C78ED005057F1 /* 003_plus.jpg */ = {isa = PBXFileReference; lastKnownFileType = image.jpeg; path = 003_plus.jpg; sourceTree = "<group>"; };
		8AABB46F1B1C78ED005057F1 /* 004_plus.jpg */ = {isa = PBXFileReference; lastKnownFileType = image.jpeg; path = 004_plus.jpg; sourceTree = "<group>"; };
		8AABB4701B1C78ED005057F1 /* 005_plus.jpg */ = {isa = PBXFileReference; lastKnownFileType = image.jpeg; path = 005_plus.jpg; sourceTree = "<group>"; };
		8AABB4711B1C78ED005057F1 /* 006_6plus.jpg */ = {isa = PBXFileReference; lastKnownFileType = image.jpeg; path = 006_6plus.jpg; sourceTree = "<group>"; };
		8AABB4721B1C78ED005057F1 /* 007_6plus.jpg */ = {isa = PBXFileReference; lastKnownFileType = image.jpeg; path = 007_6plus.jpg; sourceTree = "<group>"; };
		8AABB4731B1C78ED005057F1 /* 008_6plus.jpg */ = {isa = PBXFileReference; lastKnownFileType = image.jpeg; path = 008_6plus.jpg; sourceTree = "<group>"; };
		8AABB4751B1C78ED005057F1 /* 001_6plus_background.png */ = {isa = PBXFileReference; lastKnownFileType = image.png; path = 001_6plus_background.png; sourceTree = "<group>"; };
		8AABB4761B1C78ED005057F1 /* 001_6plus_biglogo.png */ = {isa = PBXFileReference; lastKnownFileType = image.png; path = 001_6plus_biglogo.png; sourceTree = "<group>"; };
		8AABB4771B1C78ED005057F1 /* 001_6plus_facebookbutton.png */ = {isa = PBXFileReference; lastKnownFileType = image.png; path = 001_6plus_facebookbutton.png; sourceTree = "<group>"; };
		8AABB4781B1C78ED005057F1 /* 001_6plus_googlebutton.png */ = {isa = PBXFileReference; lastKnownFileType = image.png; path = 001_6plus_googlebutton.png; sourceTree = "<group>"; };
		8AABB4791B1C78ED005057F1 /* 001_6plus_loginbutton.png */ = {isa = PBXFileReference; lastKnownFileType = image.png; path = 001_6plus_loginbutton.png; sourceTree = "<group>"; };
		8AABB47A1B1C78ED005057F1 /* 001_6plus_whitebutton.png */ = {isa = PBXFileReference; lastKnownFileType = image.png; path = 001_6plus_whitebutton.png; sourceTree = "<group>"; };
		8AABB47B1B1C78ED005057F1 /* 002_6plus_burger_icon.png */ = {isa = PBXFileReference; lastKnownFileType = image.png; path = 002_6plus_burger_icon.png; sourceTree = "<group>"; };
		8AABB47C1B1C78ED005057F1 /* 002_6plus_list_nonselected.png */ = {isa = PBXFileReference; lastKnownFileType = image.png; path = 002_6plus_list_nonselected.png; sourceTree = "<group>"; };
		8AABB47D1B1C78ED005057F1 /* 002_6plus_list_selected.png */ = {isa = PBXFileReference; lastKnownFileType = image.png; path = 002_6plus_list_selected.png; sourceTree = "<group>"; };
		8AABB47E1B1C78ED005057F1 /* 002_6plus_qticheaderlogo.png */ = {isa = PBXFileReference; lastKnownFileType = image.png; path = 002_6plus_qticheaderlogo.png; sourceTree = "<group>"; };
		8AABB47F1B1C78ED005057F1 /* 002_6plus_winner_nonselected.png */ = {isa = PBXFileReference; lastKnownFileType = image.png; path = 002_6plus_winner_nonselected.png; sourceTree = "<group>"; };
		8AABB4801B1C78ED005057F1 /* 002_6plus_winner_selected.png */ = {isa = PBXFileReference; lastKnownFileType = image.png; path = 002_6plus_winner_selected.png; sourceTree = "<group>"; };
		8AABB4811B1C78ED005057F1 /* 003_plus_profile_nonselcted.png */ = {isa = PBXFileReference; lastKnownFileType = image.png; path = 003_plus_profile_nonselcted.png; sourceTree = "<group>"; };
		8AABB4821B1C78ED005057F1 /* 003_plus_profile_selcted.png */ = {isa = PBXFileReference; lastKnownFileType = image.png; path = 003_plus_profile_selcted.png; sourceTree = "<group>"; };
		8AABB4831B1C78ED005057F1 /* 003_plus_qr_nonselected.png */ = {isa = PBXFileReference; lastKnownFileType = image.png; path = 003_plus_qr_nonselected.png; sourceTree = "<group>"; };
		8AABB4841B1C78ED005057F1 /* 003_plus_qr_selected.png */ = {isa = PBXFileReference; lastKnownFileType = image.png; path = 003_plus_qr_selected.png; sourceTree = "<group>"; };
		8AABB4851B1C78ED005057F1 /* 003_plus_setting_nonselected.png */ = {isa = PBXFileReference; lastKnownFileType = image.png; path = 003_plus_setting_nonselected.png; sourceTree = "<group>"; };
		8AABB4861B1C78ED005057F1 /* 003_plus_setting_selected.png */ = {isa = PBXFileReference; lastKnownFileType = image.png; path = 003_plus_setting_selected.png; sourceTree = "<group>"; };
		8AABB4871B1C78ED005057F1 /* 005_plus_backbutton.png */ = {isa = PBXFileReference; lastKnownFileType = image.png; path = 005_plus_backbutton.png; sourceTree = "<group>"; };
		8AABB4881B1C78ED005057F1 /* 007_6plus_longinputbar.png */ = {isa = PBXFileReference; lastKnownFileType = image.png; path = 007_6plus_longinputbar.png; sourceTree = "<group>"; };
		8AABB4891B1C78ED005057F1 /* 007_6plus_searchicon.png */ = {isa = PBXFileReference; lastKnownFileType = image.png; path = 007_6plus_searchicon.png; sourceTree = "<group>"; };
		8AABB48A1B1C78ED005057F1 /* 008B_6plus_downbutton.png */ = {isa = PBXFileReference; lastKnownFileType = image.png; path = 008B_6plus_downbutton.png; sourceTree = "<group>"; };
		8AABB48C1B1C78ED005057F1 /* 001_6plus_background.png */ = {isa = PBXFileReference; lastKnownFileType = image.png; path = 001_6plus_background.png; sourceTree = "<group>"; };
		8AABB48D1B1C78ED005057F1 /* 001_6plus_biglogo.png */ = {isa = PBXFileReference; lastKnownFileType = image.png; path = 001_6plus_biglogo.png; sourceTree = "<group>"; };
		8AABB4AE1B1CBFCE005057F1 /* CustomNavBar.h */ = {isa = PBXFileReference; fileEncoding = 4; lastKnownFileType = sourcecode.c.h; path = CustomNavBar.h; sourceTree = "<group>"; };
		8AABB4AF1B1CBFCE005057F1 /* CustomNavBar.m */ = {isa = PBXFileReference; fileEncoding = 4; lastKnownFileType = sourcecode.c.objc; path = CustomNavBar.m; sourceTree = "<group>"; };
		8AABB4B11B1CBFE6005057F1 /* CustomNavBar.xib */ = {isa = PBXFileReference; fileEncoding = 4; lastKnownFileType = file.xib; path = CustomNavBar.xib; sourceTree = "<group>"; };
		8AABB4B41B1D5760005057F1 /* QRScannerViewController.h */ = {isa = PBXFileReference; fileEncoding = 4; lastKnownFileType = sourcecode.c.h; name = QRScannerViewController.h; path = QRSCananer/QRScannerViewController.h; sourceTree = "<group>"; };
		8AABB4B51B1D5760005057F1 /* QRScannerViewController.m */ = {isa = PBXFileReference; fileEncoding = 4; lastKnownFileType = sourcecode.c.objc; name = QRScannerViewController.m; path = QRSCananer/QRScannerViewController.m; sourceTree = "<group>"; };
		8AABB4B61B1D5760005057F1 /* QRScannerViewController.xib */ = {isa = PBXFileReference; fileEncoding = 4; lastKnownFileType = file.xib; name = QRScannerViewController.xib; path = QRSCananer/QRScannerViewController.xib; sourceTree = "<group>"; };
		8AABB4B91B1D8804005057F1 /* MenuSelectionCVCell.h */ = {isa = PBXFileReference; fileEncoding = 4; lastKnownFileType = sourcecode.c.h; path = MenuSelectionCVCell.h; sourceTree = "<group>"; };
		8AABB4BA1B1D8804005057F1 /* MenuSelectionCVCell.m */ = {isa = PBXFileReference; fileEncoding = 4; lastKnownFileType = sourcecode.c.objc; path = MenuSelectionCVCell.m; sourceTree = "<group>"; };
		8AABB4BB1B1D8804005057F1 /* MenuSelectionCVCell.xib */ = {isa = PBXFileReference; fileEncoding = 4; lastKnownFileType = file.xib; path = MenuSelectionCVCell.xib; sourceTree = "<group>"; };
		8AABB4BF1B1D8A76005057F1 /* Utils.h */ = {isa = PBXFileReference; fileEncoding = 4; lastKnownFileType = sourcecode.c.h; name = Utils.h; path = Common/Utils.h; sourceTree = "<group>"; };
		8AABB4C01B1D8A76005057F1 /* Utils.m */ = {isa = PBXFileReference; fileEncoding = 4; lastKnownFileType = sourcecode.c.objc; name = Utils.m; path = Common/Utils.m; sourceTree = "<group>"; };
		8AABB4C21B1D8C21005057F1 /* PrefixHeader.pch */ = {isa = PBXFileReference; lastKnownFileType = sourcecode.c.h; name = PrefixHeader.pch; path = ../PrefixHeader.pch; sourceTree = "<group>"; };
		8AABB4C31B1DA247005057F1 /* sample001.png */ = {isa = PBXFileReference; lastKnownFileType = image.png; path = sample001.png; sourceTree = "<group>"; };
		8AABB4C41B1DA247005057F1 /* sample002.png */ = {isa = PBXFileReference; lastKnownFileType = image.png; path = sample002.png; sourceTree = "<group>"; };
		8AABB4C81B1DA8E8005057F1 /* MovieClass.h */ = {isa = PBXFileReference; fileEncoding = 4; lastKnownFileType = sourcecode.c.h; name = MovieClass.h; path = Models/MovieClass.h; sourceTree = "<group>"; };
		8AABB4C91B1DA8E8005057F1 /* MovieClass.m */ = {isa = PBXFileReference; fileEncoding = 4; lastKnownFileType = sourcecode.c.objc; name = MovieClass.m; path = Models/MovieClass.m; sourceTree = "<group>"; };
		8AABB4CB1B1DAC09005057F1 /* sample003.png */ = {isa = PBXFileReference; lastKnownFileType = image.png; path = sample003.png; sourceTree = "<group>"; };
		8AABB4CD1B1DB900005057F1 /* DashboardWinnerTableViewCell.h */ = {isa = PBXFileReference; fileEncoding = 4; lastKnownFileType = sourcecode.c.h; name = DashboardWinnerTableViewCell.h; path = Dashboard/DashboardWinnerTableViewCell.h; sourceTree = "<group>"; };
		8AABB4CE1B1DB900005057F1 /* DashboardWinnerTableViewCell.m */ = {isa = PBXFileReference; fileEncoding = 4; lastKnownFileType = sourcecode.c.objc; name = DashboardWinnerTableViewCell.m; path = Dashboard/DashboardWinnerTableViewCell.m; sourceTree = "<group>"; };
		8AABB4CF1B1DB900005057F1 /* DashboardWinnerTableViewCell.xib */ = {isa = PBXFileReference; fileEncoding = 4; lastKnownFileType = file.xib; name = DashboardWinnerTableViewCell.xib; path = Dashboard/DashboardWinnerTableViewCell.xib; sourceTree = "<group>"; };
		8AABB4D21B1DC0E4005057F1 /* MasterViewController.h */ = {isa = PBXFileReference; fileEncoding = 4; lastKnownFileType = sourcecode.c.h; path = MasterViewController.h; sourceTree = "<group>"; };
		8AABB4D31B1DC0E4005057F1 /* MasterViewController.m */ = {isa = PBXFileReference; fileEncoding = 4; lastKnownFileType = sourcecode.c.objc; path = MasterViewController.m; sourceTree = "<group>"; };
		8AABB4DD1B1E0657005057F1 /* en */ = {isa = PBXFileReference; lastKnownFileType = text.plist.strings; name = en; path = en.lproj/Localizable.strings; sourceTree = "<group>"; };
		8AABB4E11B1E0A7B005057F1 /* zh-Hans */ = {isa = PBXFileReference; lastKnownFileType = text.plist.strings; name = "zh-Hans"; path = "zh-Hans.lproj/Main.strings"; sourceTree = "<group>"; };
		8AABB4E21B1E0A7B005057F1 /* zh-Hans */ = {isa = PBXFileReference; lastKnownFileType = text.plist.strings; name = "zh-Hans"; path = "zh-Hans.lproj/LaunchScreen.strings"; sourceTree = "<group>"; };
		8AABB4E31B1E0A7B005057F1 /* zh-Hans */ = {isa = PBXFileReference; lastKnownFileType = text.plist.strings; name = "zh-Hans"; path = "zh-Hans.lproj/Localizable.strings"; sourceTree = "<group>"; };
		8AABB4E41B1E0A85005057F1 /* ms */ = {isa = PBXFileReference; lastKnownFileType = text.plist.strings; name = ms; path = ms.lproj/Main.strings; sourceTree = "<group>"; };
		8AABB4E51B1E0A85005057F1 /* ms */ = {isa = PBXFileReference; lastKnownFileType = text.plist.strings; name = ms; path = ms.lproj/LaunchScreen.strings; sourceTree = "<group>"; };
		8AABB4E61B1E0A85005057F1 /* ms */ = {isa = PBXFileReference; lastKnownFileType = text.plist.strings; name = ms; path = ms.lproj/Localizable.strings; sourceTree = "<group>"; };
		8ACB49751B1C2B96007575FB /* MenuViewController.h */ = {isa = PBXFileReference; fileEncoding = 4; lastKnownFileType = sourcecode.c.h; name = MenuViewController.h; path = Menu/MenuViewController.h; sourceTree = "<group>"; };
		8ACB49761B1C2B96007575FB /* MenuViewController.m */ = {isa = PBXFileReference; fileEncoding = 4; lastKnownFileType = sourcecode.c.objc; name = MenuViewController.m; path = Menu/MenuViewController.m; sourceTree = "<group>"; };
		8ACB497A1B1C2C15007575FB /* MenuView.h */ = {isa = PBXFileReference; fileEncoding = 4; lastKnownFileType = sourcecode.c.h; name = MenuView.h; path = Menu/MenuView.h; sourceTree = "<group>"; };
		8ACB497B1B1C2C15007575FB /* MenuView.m */ = {isa = PBXFileReference; fileEncoding = 4; lastKnownFileType = sourcecode.c.objc; name = MenuView.m; path = Menu/MenuView.m; sourceTree = "<group>"; };
		8ACB497D1B1C2C23007575FB /* MenuView.xib */ = {isa = PBXFileReference; fileEncoding = 4; lastKnownFileType = file.xib; name = MenuView.xib; path = Menu/MenuView.xib; sourceTree = "<group>"; };
		8ACB497F1B1C333E007575FB /* MenuTableViewCell.xib */ = {isa = PBXFileReference; fileEncoding = 4; lastKnownFileType = file.xib; name = MenuTableViewCell.xib; path = Menu/MenuTableViewCell.xib; sourceTree = "<group>"; };
		8ACB49811B1C33A9007575FB /* MenuTableViewCell.h */ = {isa = PBXFileReference; fileEncoding = 4; lastKnownFileType = sourcecode.c.h; name = MenuTableViewCell.h; path = Menu/MenuTableViewCell.h; sourceTree = "<group>"; };
		8ACB49821B1C33A9007575FB /* MenuTableViewCell.m */ = {isa = PBXFileReference; fileEncoding = 4; lastKnownFileType = sourcecode.c.objc; name = MenuTableViewCell.m; path = Menu/MenuTableViewCell.m; sourceTree = "<group>"; };
		8ACB49851B1C3966007575FB /* ProfileViewController.h */ = {isa = PBXFileReference; fileEncoding = 4; lastKnownFileType = sourcecode.c.h; name = ProfileViewController.h; path = Profile/ProfileViewController.h; sourceTree = "<group>"; };
		8ACB49861B1C3966007575FB /* ProfileViewController.m */ = {isa = PBXFileReference; fileEncoding = 4; lastKnownFileType = sourcecode.c.objc; name = ProfileViewController.m; path = Profile/ProfileViewController.m; sourceTree = "<group>"; };
		8ACB49871B1C3966007575FB /* ProfileViewController.xib */ = {isa = PBXFileReference; fileEncoding = 4; lastKnownFileType = file.xib; name = ProfileViewController.xib; path = Profile/ProfileViewController.xib; sourceTree = "<group>"; };
		8ACB498C1B1C3CB1007575FB /* DashboardViewController.h */ = {isa = PBXFileReference; fileEncoding = 4; lastKnownFileType = sourcecode.c.h; name = DashboardViewController.h; path = Dashboard/DashboardViewController.h; sourceTree = "<group>"; };
		8ACB498D1B1C3CB1007575FB /* DashboardViewController.m */ = {isa = PBXFileReference; fileEncoding = 4; lastKnownFileType = sourcecode.c.objc; name = DashboardViewController.m; path = Dashboard/DashboardViewController.m; sourceTree = "<group>"; };
		8ACB498E1B1C3CB1007575FB /* DashboardViewController.xib */ = {isa = PBXFileReference; fileEncoding = 4; lastKnownFileType = file.xib; name = DashboardViewController.xib; path = Dashboard/DashboardViewController.xib; sourceTree = "<group>"; };
		8ACB49911B1C3E86007575FB /* DashboardTableViewCell.h */ = {isa = PBXFileReference; fileEncoding = 4; lastKnownFileType = sourcecode.c.h; name = DashboardTableViewCell.h; path = Dashboard/DashboardTableViewCell.h; sourceTree = "<group>"; };
		8ACB49921B1C3E86007575FB /* DashboardTableViewCell.m */ = {isa = PBXFileReference; fileEncoding = 4; lastKnownFileType = sourcecode.c.objc; name = DashboardTableViewCell.m; path = Dashboard/DashboardTableViewCell.m; sourceTree = "<group>"; };
		8ACB49931B1C3E86007575FB /* DashboardTableViewCell.xib */ = {isa = PBXFileReference; fileEncoding = 4; lastKnownFileType = file.xib; name = DashboardTableViewCell.xib; path = Dashboard/DashboardTableViewCell.xib; sourceTree = "<group>"; };
/* End PBXFileReference section */

/* Begin PBXFrameworksBuildPhase section */
		8A648AD41B1C0AD100B14575 /* Frameworks */ = {
			isa = PBXFrameworksBuildPhase;
			buildActionMask = 2147483647;
			files = (
			);
			runOnlyForDeploymentPostprocessing = 0;
		};
		8A648AED1B1C0AD100B14575 /* Frameworks */ = {
			isa = PBXFrameworksBuildPhase;
			buildActionMask = 2147483647;
			files = (
			);
			runOnlyForDeploymentPostprocessing = 0;
		};
/* End PBXFrameworksBuildPhase section */

/* Begin PBXGroup section */
		8A648ACE1B1C0AD100B14575 = {
			isa = PBXGroup;
			children = (
				8A648AD91B1C0AD100B14575 /* MovieCMS */,
				8A648B001B1C0FB500B14575 /* Plugin */,
				8A648AF31B1C0AD100B14575 /* MovieCMSTests */,
				8A648AD81B1C0AD100B14575 /* Products */,
			);
			sourceTree = "<group>";
		};
		8A648AD81B1C0AD100B14575 /* Products */ = {
			isa = PBXGroup;
			children = (
				8A648AD71B1C0AD100B14575 /* MovieCMS.app */,
				8A648AF01B1C0AD100B14575 /* MovieCMSTests.xctest */,
			);
			name = Products;
			sourceTree = "<group>";
		};
		8A648AD91B1C0AD100B14575 /* MovieCMS */ = {
			isa = PBXGroup;
			children = (
				8AABB3D31B1C491E005057F1 /* Login */,
				8ACB49841B1C3932007575FB /* MenuItem */,
				8ACB49741B1C2B60007575FB /* NavigationMenu */,
				8A648ADE1B1C0AD100B14575 /* AppDelegate.h */,
				8A648ADF1B1C0AD100B14575 /* AppDelegate.m */,
				8A648AE11B1C0AD100B14575 /* ViewController.h */,
				8A648AE21B1C0AD100B14575 /* ViewController.m */,
				8A648AE41B1C0AD100B14575 /* Main.storyboard */,
				8A648AE71B1C0AD100B14575 /* Images.xcassets */,
				8A648AE91B1C0AD100B14575 /* LaunchScreen.xib */,
				8AABB4C71B1DA8BC005057F1 /* Models */,
				8AABB4BE1B1D8A57005057F1 /* Common */,
				8A648ADA1B1C0AD100B14575 /* Supporting Files */,
				8AABB4AE1B1CBFCE005057F1 /* CustomNavBar.h */,
				8AABB4AF1B1CBFCE005057F1 /* CustomNavBar.m */,
				8AABB4B11B1CBFE6005057F1 /* CustomNavBar.xib */,
			);
			path = MovieCMS;
			sourceTree = "<group>";
		};
		8A648ADA1B1C0AD100B14575 /* Supporting Files */ = {
			isa = PBXGroup;
			children = (
				8AABB4D91B1E0610005057F1 /* Language */,
				8AABB4C21B1D8C21005057F1 /* PrefixHeader.pch */,
				8AABB46B1B1C78ED005057F1 /* Flow */,
				8AABB4741B1C78ED005057F1 /* icon */,
				8AABB4131B1C555A005057F1 /* font */,
				8AABB3D41B1C51A8005057F1 /* Images */,
				8A648ADB1B1C0AD100B14575 /* Info.plist */,
				8A648ADC1B1C0AD100B14575 /* main.m */,
			);
			name = "Supporting Files";
			sourceTree = "<group>";
		};
		8A648AF31B1C0AD100B14575 /* MovieCMSTests */ = {
			isa = PBXGroup;
			children = (
				8A648AF61B1C0AD100B14575 /* MovieCMSTests.m */,
				8A648AF41B1C0AD100B14575 /* Supporting Files */,
			);
			path = MovieCMSTests;
			sourceTree = "<group>";
		};
		8A648AF41B1C0AD100B14575 /* Supporting Files */ = {
			isa = PBXGroup;
			children = (
				8A648AF51B1C0AD100B14575 /* Info.plist */,
			);
			name = "Supporting Files";
			sourceTree = "<group>";
		};
		8A648B001B1C0FB500B14575 /* Plugin */ = {
			isa = PBXGroup;
			children = (
				8A648B011B1C0FCA00B14575 /* MFSideMenu */,
			);
			name = Plugin;
			sourceTree = "<group>";
		};
		8A648B011B1C0FCA00B14575 /* MFSideMenu */ = {
			isa = PBXGroup;
			children = (
				8A648B021B1C0FCA00B14575 /* MFSideMenu.h */,
				8A648B031B1C0FCA00B14575 /* MFSideMenuContainerViewController.h */,
				8A648B041B1C0FCA00B14575 /* MFSideMenuContainerViewController.m */,
				8A648B051B1C0FCA00B14575 /* MFSideMenuShadow.h */,
				8A648B061B1C0FCA00B14575 /* MFSideMenuShadow.m */,
				8A648B071B1C0FCA00B14575 /* UIViewController+MFSideMenuAdditions.h */,
				8A648B081B1C0FCA00B14575 /* UIViewController+MFSideMenuAdditions.m */,
			);
			name = MFSideMenu;
			path = MovieCMS/MFSideMenu;
			sourceTree = "<group>";
		};
		8AABB3D31B1C491E005057F1 /* Login */ = {
			isa = PBXGroup;
			children = (
			);
			name = Login;
			sourceTree = "<group>";
		};
		8AABB3D41B1C51A8005057F1 /* Images */ = {
			isa = PBXGroup;
			children = (
				8AABB4CB1B1DAC09005057F1 /* sample003.png */,
				8AABB4C31B1DA247005057F1 /* sample001.png */,
				8AABB4C41B1DA247005057F1 /* sample002.png */,
				8AABB42B1B1C7783005057F1 /* snsd_genie.jpg */,
			);
			name = Images;
			path = MovieCMSTests;
			sourceTree = SOURCE_ROOT;
		};
		8AABB4131B1C555A005057F1 /* font */ = {
			isa = PBXGroup;
			children = (
				8AABB4141B1C5567005057F1 /* Open_Sans */,
			);
			name = font;
			sourceTree = "<group>";
		};
		8AABB4141B1C5567005057F1 /* Open_Sans */ = {
			isa = PBXGroup;
			children = (
				8AABB4151B1C5567005057F1 /* LICENSE.txt */,
				8AABB4161B1C5567005057F1 /* OpenSans-Bold.ttf */,
				8AABB4171B1C5567005057F1 /* OpenSans-BoldItalic.ttf */,
				8AABB4181B1C5567005057F1 /* OpenSans-ExtraBold.ttf */,
				8AABB4191B1C5567005057F1 /* OpenSans-ExtraBoldItalic.ttf */,
				8AABB41A1B1C5567005057F1 /* OpenSans-Italic.ttf */,
				8AABB41B1B1C5567005057F1 /* OpenSans-Light.ttf */,
				8AABB41C1B1C5567005057F1 /* OpenSans-LightItalic.ttf */,
				8AABB41D1B1C5567005057F1 /* OpenSans-Regular.ttf */,
				8AABB41E1B1C5567005057F1 /* OpenSans-Semibold.ttf */,
				8AABB41F1B1C5567005057F1 /* OpenSans-SemiboldItalic.ttf */,
			);
			path = Open_Sans;
			sourceTree = "<group>";
		};
		8AABB46B1B1C78ED005057F1 /* Flow */ = {
			isa = PBXGroup;
			children = (
				8AABB46C1B1C78ED005057F1 /* 001_6plus.jpg */,
				8AABB46D1B1C78ED005057F1 /* 002_6plus.jpg */,
				8AABB46E1B1C78ED005057F1 /* 003_plus.jpg */,
				8AABB46F1B1C78ED005057F1 /* 004_plus.jpg */,
				8AABB4701B1C78ED005057F1 /* 005_plus.jpg */,
				8AABB4711B1C78ED005057F1 /* 006_6plus.jpg */,
				8AABB4721B1C78ED005057F1 /* 007_6plus.jpg */,
				8AABB4731B1C78ED005057F1 /* 008_6plus.jpg */,
			);
			name = Flow;
			path = Resources/Flow;
			sourceTree = "<group>";
		};
		8AABB4741B1C78ED005057F1 /* icon */ = {
			isa = PBXGroup;
			children = (
				8AABB4751B1C78ED005057F1 /* 001_6plus_background.png */,
				8AABB4761B1C78ED005057F1 /* 001_6plus_biglogo.png */,
				8AABB4771B1C78ED005057F1 /* 001_6plus_facebookbutton.png */,
				8AABB4781B1C78ED005057F1 /* 001_6plus_googlebutton.png */,
				8AABB4791B1C78ED005057F1 /* 001_6plus_loginbutton.png */,
				8AABB47A1B1C78ED005057F1 /* 001_6plus_whitebutton.png */,
				8AABB47B1B1C78ED005057F1 /* 002_6plus_burger_icon.png */,
				8AABB47C1B1C78ED005057F1 /* 002_6plus_list_nonselected.png */,
				8AABB47D1B1C78ED005057F1 /* 002_6plus_list_selected.png */,
				8AABB47E1B1C78ED005057F1 /* 002_6plus_qticheaderlogo.png */,
				8AABB47F1B1C78ED005057F1 /* 002_6plus_winner_nonselected.png */,
				8AABB4801B1C78ED005057F1 /* 002_6plus_winner_selected.png */,
				8AABB4811B1C78ED005057F1 /* 003_plus_profile_nonselcted.png */,
				8AABB4821B1C78ED005057F1 /* 003_plus_profile_selcted.png */,
				8AABB4831B1C78ED005057F1 /* 003_plus_qr_nonselected.png */,
				8AABB4841B1C78ED005057F1 /* 003_plus_qr_selected.png */,
				8AABB4851B1C78ED005057F1 /* 003_plus_setting_nonselected.png */,
				8AABB4861B1C78ED005057F1 /* 003_plus_setting_selected.png */,
				8AABB4871B1C78ED005057F1 /* 005_plus_backbutton.png */,
				8AABB4881B1C78ED005057F1 /* 007_6plus_longinputbar.png */,
				8AABB4891B1C78ED005057F1 /* 007_6plus_searchicon.png */,
				8AABB48A1B1C78ED005057F1 /* 008B_6plus_downbutton.png */,
				8AABB48B1B1C78ED005057F1 /* icon */,
			);
			name = icon;
			path = Resources/icon;
			sourceTree = "<group>";
		};
		8AABB48B1B1C78ED005057F1 /* icon */ = {
			isa = PBXGroup;
			children = (
				8AABB48C1B1C78ED005057F1 /* 001_6plus_background.png */,
				8AABB48D1B1C78ED005057F1 /* 001_6plus_biglogo.png */,
			);
			path = icon;
			sourceTree = "<group>";
		};
		8AABB4B31B1D5736005057F1 /* QRScanner */ = {
			isa = PBXGroup;
			children = (
				8AABB4B41B1D5760005057F1 /* QRScannerViewController.h */,
				8AABB4B51B1D5760005057F1 /* QRScannerViewController.m */,
				8AABB4B61B1D5760005057F1 /* QRScannerViewController.xib */,
			);
			name = QRScanner;
			sourceTree = "<group>";
		};
		8AABB4BE1B1D8A57005057F1 /* Common */ = {
			isa = PBXGroup;
			children = (
				8AABB4BF1B1D8A76005057F1 /* Utils.h */,
				8AABB4C01B1D8A76005057F1 /* Utils.m */,
				8AABB4D21B1DC0E4005057F1 /* MasterViewController.h */,
				8AABB4D31B1DC0E4005057F1 /* MasterViewController.m */,
			);
			name = Common;
			sourceTree = "<group>";
		};
		8AABB4C71B1DA8BC005057F1 /* Models */ = {
			isa = PBXGroup;
			children = (
				8AABB4C81B1DA8E8005057F1 /* MovieClass.h */,
				8AABB4C91B1DA8E8005057F1 /* MovieClass.m */,
			);
			name = Models;
			sourceTree = "<group>";
		};
		8AABB4D91B1E0610005057F1 /* Language */ = {
			isa = PBXGroup;
			children = (
				8AABB4DE1B1E0657005057F1 /* Localizable.strings */,
			);
			name = Language;
			sourceTree = "<group>";
		};
		8ACB49741B1C2B60007575FB /* NavigationMenu */ = {
			isa = PBXGroup;
			children = (
				8ACB49751B1C2B96007575FB /* MenuViewController.h */,
				8ACB49761B1C2B96007575FB /* MenuViewController.m */,
				8ACB497A1B1C2C15007575FB /* MenuView.h */,
				8ACB497B1B1C2C15007575FB /* MenuView.m */,
				8ACB497D1B1C2C23007575FB /* MenuView.xib */,
				8ACB49811B1C33A9007575FB /* MenuTableViewCell.h */,
				8ACB49821B1C33A9007575FB /* MenuTableViewCell.m */,
				8ACB497F1B1C333E007575FB /* MenuTableViewCell.xib */,
			);
			name = NavigationMenu;
			sourceTree = "<group>";
		};
		8ACB49841B1C3932007575FB /* MenuItem */ = {
			isa = PBXGroup;
			children = (
				8AABB4B31B1D5736005057F1 /* QRScanner */,
				8ACB498B1B1C3C7F007575FB /* Dashboard */,
				8ACB498A1B1C3C70007575FB /* Profile */,
			);
			name = MenuItem;
			sourceTree = "<group>";
		};
		8ACB498A1B1C3C70007575FB /* Profile */ = {
			isa = PBXGroup;
			children = (
				8ACB49851B1C3966007575FB /* ProfileViewController.h */,
				8ACB49861B1C3966007575FB /* ProfileViewController.m */,
				8ACB49871B1C3966007575FB /* ProfileViewController.xib */,
			);
			name = Profile;
			sourceTree = "<group>";
		};
		8ACB498B1B1C3C7F007575FB /* Dashboard */ = {
			isa = PBXGroup;
			children = (
				8ACB498C1B1C3CB1007575FB /* DashboardViewController.h */,
				8ACB498D1B1C3CB1007575FB /* DashboardViewController.m */,
				8ACB498E1B1C3CB1007575FB /* DashboardViewController.xib */,
				8ACB49911B1C3E86007575FB /* DashboardTableViewCell.h */,
				8ACB49921B1C3E86007575FB /* DashboardTableViewCell.m */,
				8ACB49931B1C3E86007575FB /* DashboardTableViewCell.xib */,
				8AABB4B91B1D8804005057F1 /* MenuSelectionCVCell.h */,
				8AABB4BA1B1D8804005057F1 /* MenuSelectionCVCell.m */,
				8AABB4BB1B1D8804005057F1 /* MenuSelectionCVCell.xib */,
				8AABB4CD1B1DB900005057F1 /* DashboardWinnerTableViewCell.h */,
				8AABB4CE1B1DB900005057F1 /* DashboardWinnerTableViewCell.m */,
				8AABB4CF1B1DB900005057F1 /* DashboardWinnerTableViewCell.xib */,
			);
			name = Dashboard;
			sourceTree = "<group>";
		};
/* End PBXGroup section */

/* Begin PBXNativeTarget section */
		8A648AD61B1C0AD100B14575 /* MovieCMS */ = {
			isa = PBXNativeTarget;
			buildConfigurationList = 8A648AFA1B1C0AD100B14575 /* Build configuration list for PBXNativeTarget "MovieCMS" */;
			buildPhases = (
				8A648AD31B1C0AD100B14575 /* Sources */,
				8A648AD41B1C0AD100B14575 /* Frameworks */,
				8A648AD51B1C0AD100B14575 /* Resources */,
			);
			buildRules = (
			);
			dependencies = (
			);
			name = MovieCMS;
			productName = MovieCMS;
			productReference = 8A648AD71B1C0AD100B14575 /* MovieCMS.app */;
			productType = "com.apple.product-type.application";
		};
		8A648AEF1B1C0AD100B14575 /* MovieCMSTests */ = {
			isa = PBXNativeTarget;
			buildConfigurationList = 8A648AFD1B1C0AD100B14575 /* Build configuration list for PBXNativeTarget "MovieCMSTests" */;
			buildPhases = (
				8A648AEC1B1C0AD100B14575 /* Sources */,
				8A648AED1B1C0AD100B14575 /* Frameworks */,
				8A648AEE1B1C0AD100B14575 /* Resources */,
			);
			buildRules = (
			);
			dependencies = (
				8A648AF21B1C0AD100B14575 /* PBXTargetDependency */,
			);
			name = MovieCMSTests;
			productName = MovieCMSTests;
			productReference = 8A648AF01B1C0AD100B14575 /* MovieCMSTests.xctest */;
			productType = "com.apple.product-type.bundle.unit-test";
		};
/* End PBXNativeTarget section */

/* Begin PBXProject section */
		8A648ACF1B1C0AD100B14575 /* Project object */ = {
			isa = PBXProject;
			attributes = {
				LastUpgradeCheck = 0630;
				ORGANIZATIONNAME = AppDesignStudio;
				TargetAttributes = {
					8A648AD61B1C0AD100B14575 = {
						CreatedOnToolsVersion = 6.3.2;
					};
					8A648AEF1B1C0AD100B14575 = {
						CreatedOnToolsVersion = 6.3.2;
						TestTargetID = 8A648AD61B1C0AD100B14575;
					};
				};
			};
			buildConfigurationList = 8A648AD21B1C0AD100B14575 /* Build configuration list for PBXProject "MovieCMS" */;
			compatibilityVersion = "Xcode 3.2";
			developmentRegion = English;
			hasScannedForEncodings = 0;
			knownRegions = (
				en,
				Base,
				"zh-Hans",
				ms,
			);
			mainGroup = 8A648ACE1B1C0AD100B14575;
			productRefGroup = 8A648AD81B1C0AD100B14575 /* Products */;
			projectDirPath = "";
			projectRoot = "";
			targets = (
				8A648AD61B1C0AD100B14575 /* MovieCMS */,
				8A648AEF1B1C0AD100B14575 /* MovieCMSTests */,
			);
		};
/* End PBXProject section */

/* Begin PBXResourcesBuildPhase section */
		8A648AD51B1C0AD100B14575 /* Resources */ = {
			isa = PBXResourcesBuildPhase;
			buildActionMask = 2147483647;
			files = (
				8AABB42C1B1C7783005057F1 /* snsd_genie.jpg in Resources */,
				8ACB49891B1C3966007575FB /* ProfileViewController.xib in Resources */,
				8AABB4A61B1C78ED005057F1 /* 003_plus_setting_nonselected.png in Resources */,
				8AABB4A41B1C78ED005057F1 /* 003_plus_qr_nonselected.png in Resources */,
				8AABB4911B1C78ED005057F1 /* 004_plus.jpg in Resources */,
				8AABB4981B1C78ED005057F1 /* 001_6plus_facebookbutton.png in Resources */,
				8AABB4A81B1C78ED005057F1 /* 005_plus_backbutton.png in Resources */,
				8AABB4D11B1DB900005057F1 /* DashboardWinnerTableViewCell.xib in Resources */,
				8ACB49901B1C3CB1007575FB /* DashboardViewController.xib in Resources */,
				8AABB4A11B1C78ED005057F1 /* 002_6plus_winner_selected.png in Resources */,
				8AABB4A31B1C78ED005057F1 /* 003_plus_profile_selcted.png in Resources */,
				8A648AE61B1C0AD100B14575 /* Main.storyboard in Resources */,
				8AABB4CC1B1DAC09005057F1 /* sample003.png in Resources */,
				8AABB49D1B1C78ED005057F1 /* 002_6plus_list_nonselected.png in Resources */,
				8AABB4261B1C5567005057F1 /* OpenSans-Light.ttf in Resources */,
				8AABB4A21B1C78ED005057F1 /* 003_plus_profile_nonselcted.png in Resources */,
				8AABB4221B1C5567005057F1 /* OpenSans-BoldItalic.ttf in Resources */,
				8AABB49E1B1C78ED005057F1 /* 002_6plus_list_selected.png in Resources */,
				8AABB4931B1C78ED005057F1 /* 006_6plus.jpg in Resources */,
				8AABB4A91B1C78ED005057F1 /* 007_6plus_longinputbar.png in Resources */,
				8AABB4B21B1CBFE6005057F1 /* CustomNavBar.xib in Resources */,
				8AABB4C51B1DA247005057F1 /* sample001.png in Resources */,
				8AABB4201B1C5567005057F1 /* LICENSE.txt in Resources */,
				8AABB4271B1C5567005057F1 /* OpenSans-LightItalic.ttf in Resources */,
				8AABB4971B1C78ED005057F1 /* 001_6plus_biglogo.png in Resources */,
				8AABB4DC1B1E0657005057F1 /* Localizable.strings in Resources */,
				8AABB4901B1C78ED005057F1 /* 003_plus.jpg in Resources */,
				8AABB4A51B1C78ED005057F1 /* 003_plus_qr_selected.png in Resources */,
				8ACB497E1B1C2C23007575FB /* MenuView.xib in Resources */,
				8AABB4A01B1C78ED005057F1 /* 002_6plus_winner_nonselected.png in Resources */,
				8AABB4B81B1D5760005057F1 /* QRScannerViewController.xib in Resources */,
				8AABB49B1B1C78ED005057F1 /* 001_6plus_whitebutton.png in Resources */,
				8AABB4921B1C78ED005057F1 /* 005_plus.jpg in Resources */,
				8AABB4991B1C78ED005057F1 /* 001_6plus_googlebutton.png in Resources */,
				8AABB4AD1B1C78ED005057F1 /* 001_6plus_biglogo.png in Resources */,
				8AABB4AC1B1C78ED005057F1 /* 001_6plus_background.png in Resources */,
				8AABB4951B1C78ED005057F1 /* 008_6plus.jpg in Resources */,
				8AABB4C61B1DA247005057F1 /* sample002.png in Resources */,
				8AABB4A71B1C78ED005057F1 /* 003_plus_setting_selected.png in Resources */,
				8AABB4AA1B1C78ED005057F1 /* 007_6plus_searchicon.png in Resources */,
				8A648AEB1B1C0AD100B14575 /* LaunchScreen.xib in Resources */,
				8AABB4BD1B1D8804005057F1 /* MenuSelectionCVCell.xib in Resources */,
				8ACB49801B1C333E007575FB /* MenuTableViewCell.xib in Resources */,
				8AABB49F1B1C78ED005057F1 /* 002_6plus_qticheaderlogo.png in Resources */,
				8AABB49C1B1C78ED005057F1 /* 002_6plus_burger_icon.png in Resources */,
				8ACB49951B1C3E86007575FB /* DashboardTableViewCell.xib in Resources */,
				8AABB4241B1C5567005057F1 /* OpenSans-ExtraBoldItalic.ttf in Resources */,
				8AABB48E1B1C78ED005057F1 /* 001_6plus.jpg in Resources */,
				8AABB4291B1C5567005057F1 /* OpenSans-Semibold.ttf in Resources */,
				8AABB4941B1C78ED005057F1 /* 007_6plus.jpg in Resources */,
				8AABB4211B1C5567005057F1 /* OpenSans-Bold.ttf in Resources */,
				8A648AE81B1C0AD100B14575 /* Images.xcassets in Resources */,
				8AABB4AB1B1C78ED005057F1 /* 008B_6plus_downbutton.png in Resources */,
				8AABB48F1B1C78ED005057F1 /* 002_6plus.jpg in Resources */,
				8AABB4281B1C5567005057F1 /* OpenSans-Regular.ttf in Resources */,
				8AABB4231B1C5567005057F1 /* OpenSans-ExtraBold.ttf in Resources */,
				8AABB42A1B1C5567005057F1 /* OpenSans-SemiboldItalic.ttf in Resources */,
				8AABB4251B1C5567005057F1 /* OpenSans-Italic.ttf in Resources */,
				8AABB4961B1C78ED005057F1 /* 001_6plus_background.png in Resources */,
				8AABB49A1B1C78ED005057F1 /* 001_6plus_loginbutton.png in Resources */,
			);
			runOnlyForDeploymentPostprocessing = 0;
		};
		8A648AEE1B1C0AD100B14575 /* Resources */ = {
			isa = PBXResourcesBuildPhase;
			buildActionMask = 2147483647;
			files = (
			);
			runOnlyForDeploymentPostprocessing = 0;
		};
/* End PBXResourcesBuildPhase section */

/* Begin PBXSourcesBuildPhase section */
		8A648AD31B1C0AD100B14575 /* Sources */ = {
			isa = PBXSourcesBuildPhase;
			buildActionMask = 2147483647;
			files = (
				8A648AE31B1C0AD100B14575 /* ViewController.m in Sources */,
				8A648B091B1C0FCA00B14575 /* MFSideMenuContainerViewController.m in Sources */,
				8A648B0A1B1C0FCA00B14575 /* MFSideMenuShadow.m in Sources */,
				8AABB4C11B1D8A76005057F1 /* Utils.m in Sources */,
				8A648B0B1B1C0FCA00B14575 /* UIViewController+MFSideMenuAdditions.m in Sources */,
				8AABB4D01B1DB900005057F1 /* DashboardWinnerTableViewCell.m in Sources */,
				8ACB49881B1C3966007575FB /* ProfileViewController.m in Sources */,
				8ACB498F1B1C3CB1007575FB /* DashboardViewController.m in Sources */,
				8ACB49941B1C3E86007575FB /* DashboardTableViewCell.m in Sources */,
				8ACB49781B1C2B96007575FB /* MenuViewController.m in Sources */,
				8AABB4CA1B1DA8E8005057F1 /* MovieClass.m in Sources */,
				8AABB4B71B1D5760005057F1 /* QRScannerViewController.m in Sources */,
				8ACB497C1B1C2C15007575FB /* MenuView.m in Sources */,
				8A648AE01B1C0AD100B14575 /* AppDelegate.m in Sources */,
				8AABB4BC1B1D8804005057F1 /* MenuSelectionCVCell.m in Sources */,
				8AABB4B01B1CBFCE005057F1 /* CustomNavBar.m in Sources */,
				8ACB49831B1C33A9007575FB /* MenuTableViewCell.m in Sources */,
				8A648ADD1B1C0AD100B14575 /* main.m in Sources */,
				8AABB4D41B1DC0E4005057F1 /* MasterViewController.m in Sources */,
			);
			runOnlyForDeploymentPostprocessing = 0;
		};
		8A648AEC1B1C0AD100B14575 /* Sources */ = {
			isa = PBXSourcesBuildPhase;
			buildActionMask = 2147483647;
			files = (
				8A648AF71B1C0AD100B14575 /* MovieCMSTests.m in Sources */,
			);
			runOnlyForDeploymentPostprocessing = 0;
		};
/* End PBXSourcesBuildPhase section */

/* Begin PBXTargetDependency section */
		8A648AF21B1C0AD100B14575 /* PBXTargetDependency */ = {
			isa = PBXTargetDependency;
			target = 8A648AD61B1C0AD100B14575 /* MovieCMS */;
			targetProxy = 8A648AF11B1C0AD100B14575 /* PBXContainerItemProxy */;
		};
/* End PBXTargetDependency section */

/* Begin PBXVariantGroup section */
		8A648AE41B1C0AD100B14575 /* Main.storyboard */ = {
			isa = PBXVariantGroup;
			children = (
				8A648AE51B1C0AD100B14575 /* Base */,
				8AABB4E11B1E0A7B005057F1 /* zh-Hans */,
				8AABB4E41B1E0A85005057F1 /* ms */,
			);
			name = Main.storyboard;
			sourceTree = "<group>";
		};
		8A648AE91B1C0AD100B14575 /* LaunchScreen.xib */ = {
			isa = PBXVariantGroup;
			children = (
				8A648AEA1B1C0AD100B14575 /* Base */,
				8AABB4E21B1E0A7B005057F1 /* zh-Hans */,
				8AABB4E51B1E0A85005057F1 /* ms */,
			);
			name = LaunchScreen.xib;
			sourceTree = "<group>";
		};
		8AABB4DE1B1E0657005057F1 /* Localizable.strings */ = {
			isa = PBXVariantGroup;
			children = (
				8AABB4DD1B1E0657005057F1 /* en */,
				8AABB4E31B1E0A7B005057F1 /* zh-Hans */,
				8AABB4E61B1E0A85005057F1 /* ms */,
			);
			name = Localizable.strings;
			sourceTree = "<group>";
		};
/* End PBXVariantGroup section */

/* Begin XCBuildConfiguration section */
		8A648AF81B1C0AD100B14575 /* Debug */ = {
			isa = XCBuildConfiguration;
			buildSettings = {
				ALWAYS_SEARCH_USER_PATHS = NO;
				CLANG_CXX_LANGUAGE_STANDARD = "gnu++0x";
				CLANG_CXX_LIBRARY = "libc++";
				CLANG_ENABLE_MODULES = YES;
				CLANG_ENABLE_OBJC_ARC = YES;
				CLANG_WARN_BOOL_CONVERSION = YES;
				CLANG_WARN_CONSTANT_CONVERSION = YES;
				CLANG_WARN_DIRECT_OBJC_ISA_USAGE = YES_ERROR;
				CLANG_WARN_EMPTY_BODY = YES;
				CLANG_WARN_ENUM_CONVERSION = YES;
				CLANG_WARN_INT_CONVERSION = YES;
				CLANG_WARN_OBJC_ROOT_CLASS = YES_ERROR;
				CLANG_WARN_UNREACHABLE_CODE = YES;
				CLANG_WARN__DUPLICATE_METHOD_MATCH = YES;
				"CODE_SIGN_IDENTITY[sdk=iphoneos*]" = "iPhone Developer";
				COPY_PHASE_STRIP = NO;
				DEBUG_INFORMATION_FORMAT = "dwarf-with-dsym";
				ENABLE_STRICT_OBJC_MSGSEND = YES;
				GCC_C_LANGUAGE_STANDARD = gnu99;
				GCC_DYNAMIC_NO_PIC = NO;
				GCC_NO_COMMON_BLOCKS = YES;
				GCC_OPTIMIZATION_LEVEL = 0;
				GCC_PREPROCESSOR_DEFINITIONS = (
					"DEBUG=1",
					"$(inherited)",
				);
				GCC_SYMBOLS_PRIVATE_EXTERN = NO;
				GCC_WARN_64_TO_32_BIT_CONVERSION = YES;
				GCC_WARN_ABOUT_RETURN_TYPE = YES_ERROR;
				GCC_WARN_UNDECLARED_SELECTOR = YES;
				GCC_WARN_UNINITIALIZED_AUTOS = YES_AGGRESSIVE;
				GCC_WARN_UNUSED_FUNCTION = YES;
				GCC_WARN_UNUSED_VARIABLE = YES;
				IPHONEOS_DEPLOYMENT_TARGET = 8.3;
				MTL_ENABLE_DEBUG_INFO = YES;
				ONLY_ACTIVE_ARCH = YES;
				SDKROOT = iphoneos;
			};
			name = Debug;
		};
		8A648AF91B1C0AD100B14575 /* Release */ = {
			isa = XCBuildConfiguration;
			buildSettings = {
				ALWAYS_SEARCH_USER_PATHS = NO;
				CLANG_CXX_LANGUAGE_STANDARD = "gnu++0x";
				CLANG_CXX_LIBRARY = "libc++";
				CLANG_ENABLE_MODULES = YES;
				CLANG_ENABLE_OBJC_ARC = YES;
				CLANG_WARN_BOOL_CONVERSION = YES;
				CLANG_WARN_CONSTANT_CONVERSION = YES;
				CLANG_WARN_DIRECT_OBJC_ISA_USAGE = YES_ERROR;
				CLANG_WARN_EMPTY_BODY = YES;
				CLANG_WARN_ENUM_CONVERSION = YES;
				CLANG_WARN_INT_CONVERSION = YES;
				CLANG_WARN_OBJC_ROOT_CLASS = YES_ERROR;
				CLANG_WARN_UNREACHABLE_CODE = YES;
				CLANG_WARN__DUPLICATE_METHOD_MATCH = YES;
				"CODE_SIGN_IDENTITY[sdk=iphoneos*]" = "iPhone Developer";
				COPY_PHASE_STRIP = NO;
				DEBUG_INFORMATION_FORMAT = "dwarf-with-dsym";
				ENABLE_NS_ASSERTIONS = NO;
				ENABLE_STRICT_OBJC_MSGSEND = YES;
				GCC_C_LANGUAGE_STANDARD = gnu99;
				GCC_NO_COMMON_BLOCKS = YES;
				GCC_WARN_64_TO_32_BIT_CONVERSION = YES;
				GCC_WARN_ABOUT_RETURN_TYPE = YES_ERROR;
				GCC_WARN_UNDECLARED_SELECTOR = YES;
				GCC_WARN_UNINITIALIZED_AUTOS = YES_AGGRESSIVE;
				GCC_WARN_UNUSED_FUNCTION = YES;
				GCC_WARN_UNUSED_VARIABLE = YES;
				IPHONEOS_DEPLOYMENT_TARGET = 8.3;
				MTL_ENABLE_DEBUG_INFO = NO;
				SDKROOT = iphoneos;
				VALIDATE_PRODUCT = YES;
			};
			name = Release;
		};
		8A648AFB1B1C0AD100B14575 /* Debug */ = {
			isa = XCBuildConfiguration;
			buildSettings = {
				ASSETCATALOG_COMPILER_APPICON_NAME = AppIcon;
				GCC_PRECOMPILE_PREFIX_HEADER = YES;
				GCC_PREFIX_HEADER = "$(PROJECT_DIR)/PrefixHeader.pch";
				INFOPLIST_FILE = MovieCMS/Info.plist;
				LD_RUNPATH_SEARCH_PATHS = "$(inherited) @executable_path/Frameworks";
				PRODUCT_NAME = "$(TARGET_NAME)";
			};
			name = Debug;
		};
		8A648AFC1B1C0AD100B14575 /* Release */ = {
			isa = XCBuildConfiguration;
			buildSettings = {
				ASSETCATALOG_COMPILER_APPICON_NAME = AppIcon;
				GCC_PRECOMPILE_PREFIX_HEADER = YES;
				GCC_PREFIX_HEADER = "$(PROJECT_DIR)/PrefixHeader.pch";
				INFOPLIST_FILE = MovieCMS/Info.plist;
				LD_RUNPATH_SEARCH_PATHS = "$(inherited) @executable_path/Frameworks";
				PRODUCT_NAME = "$(TARGET_NAME)";
			};
			name = Release;
		};
		8A648AFE1B1C0AD100B14575 /* Debug */ = {
			isa = XCBuildConfiguration;
			buildSettings = {
				BUNDLE_LOADER = "$(TEST_HOST)";
				FRAMEWORK_SEARCH_PATHS = (
					"$(SDKROOT)/Developer/Library/Frameworks",
					"$(inherited)",
				);
				GCC_PREPROCESSOR_DEFINITIONS = (
					"DEBUG=1",
					"$(inherited)",
				);
				INFOPLIST_FILE = MovieCMSTests/Info.plist;
				LD_RUNPATH_SEARCH_PATHS = "$(inherited) @executable_path/Frameworks @loader_path/Frameworks";
				PRODUCT_NAME = "$(TARGET_NAME)";
				TEST_HOST = "$(BUILT_PRODUCTS_DIR)/MovieCMS.app/MovieCMS";
			};
			name = Debug;
		};
		8A648AFF1B1C0AD100B14575 /* Release */ = {
			isa = XCBuildConfiguration;
			buildSettings = {
				BUNDLE_LOADER = "$(TEST_HOST)";
				FRAMEWORK_SEARCH_PATHS = (
					"$(SDKROOT)/Developer/Library/Frameworks",
					"$(inherited)",
				);
				INFOPLIST_FILE = MovieCMSTests/Info.plist;
				LD_RUNPATH_SEARCH_PATHS = "$(inherited) @executable_path/Frameworks @loader_path/Frameworks";
				PRODUCT_NAME = "$(TARGET_NAME)";
				TEST_HOST = "$(BUILT_PRODUCTS_DIR)/MovieCMS.app/MovieCMS";
			};
			name = Release;
		};
/* End XCBuildConfiguration section */

/* Begin XCConfigurationList section */
		8A648AD21B1C0AD100B14575 /* Build configuration list for PBXProject "MovieCMS" */ = {
			isa = XCConfigurationList;
			buildConfigurations = (
				8A648AF81B1C0AD100B14575 /* Debug */,
				8A648AF91B1C0AD100B14575 /* Release */,
			);
			defaultConfigurationIsVisible = 0;
			defaultConfigurationName = Release;
		};
		8A648AFA1B1C0AD100B14575 /* Build configuration list for PBXNativeTarget "MovieCMS" */ = {
			isa = XCConfigurationList;
			buildConfigurations = (
				8A648AFB1B1C0AD100B14575 /* Debug */,
				8A648AFC1B1C0AD100B14575 /* Release */,
			);
			defaultConfigurationIsVisible = 0;
			defaultConfigurationName = Release;
		};
		8A648AFD1B1C0AD100B14575 /* Build configuration list for PBXNativeTarget "MovieCMSTests" */ = {
			isa = XCConfigurationList;
			buildConfigurations = (
				8A648AFE1B1C0AD100B14575 /* Debug */,
				8A648AFF1B1C0AD100B14575 /* Release */,
			);
			defaultConfigurationIsVisible = 0;
			defaultConfigurationName = Release;
		};
/* End XCConfigurationList section */
	};
	rootObject = 8A648ACF1B1C0AD100B14575 /* Project object */;
}
