// !$*UTF8*$!
{
	archiveVersion = 1;
	classes = {
	};
	objectVersion = 46;
	objects = {

/* Begin PBXBuildFile section */
		8A648ADD1B1C0AD100B14575 /* main.m in Sources */ = {isa = PBXBuildFile; fileRef = 8A648ADC1B1C0AD100B14575 /* main.m */; };
		8A648AE01B1C0AD100B14575 /* AppDelegate.m in Sources */ = {isa = PBXBuildFile; fileRef = 8A648ADF1B1C0AD100B14575 /* AppDelegate.m */; };
		8A648AE31B1C0AD100B14575 /* ViewController.m in Sources */ = {isa = PBXBuildFile; fileRef = 8A648AE21B1C0AD100B14575 /* ViewController.m */; };
		8A648AE61B1C0AD100B14575 /* Main.storyboard in Resources */ = {isa = PBXBuildFile; fileRef = 8A648AE41B1C0AD100B14575 /* Main.storyboard */; };
		8A648AE81B1C0AD100B14575 /* Images.xcassets in Resources */ = {isa = PBXBuildFile; fileRef = 8A648AE71B1C0AD100B14575 /* Images.xcassets */; };
		8A648AEB1B1C0AD100B14575 /* LaunchScreen.xib in Resources */ = {isa = PBXBuildFile; fileRef = 8A648AE91B1C0AD100B14575 /* LaunchScreen.xib */; };
		8A648AF71B1C0AD100B14575 /* MovieCMSTests.m in Sources */ = {isa = PBXBuildFile; fileRef = 8A648AF61B1C0AD100B14575 /* MovieCMSTests.m */; };
		8A648B091B1C0FCA00B14575 /* MFSideMenuContainerViewController.m in Sources */ = {isa = PBXBuildFile; fileRef = 8A648B041B1C0FCA00B14575 /* MFSideMenuContainerViewController.m */; settings = {COMPILER_FLAGS = "-fno-objc-arc"; }; };
		8A648B0A1B1C0FCA00B14575 /* MFSideMenuShadow.m in Sources */ = {isa = PBXBuildFile; fileRef = 8A648B061B1C0FCA00B14575 /* MFSideMenuShadow.m */; settings = {COMPILER_FLAGS = "-fno-objc-arc"; }; };
		8A648B0B1B1C0FCA00B14575 /* UIViewController+MFSideMenuAdditions.m in Sources */ = {isa = PBXBuildFile; fileRef = 8A648B081B1C0FCA00B14575 /* UIViewController+MFSideMenuAdditions.m */; };
		8ACB49781B1C2B96007575FB /* MenuViewController.m in Sources */ = {isa = PBXBuildFile; fileRef = 8ACB49761B1C2B96007575FB /* MenuViewController.m */; };
		8ACB497C1B1C2C15007575FB /* MenuView.m in Sources */ = {isa = PBXBuildFile; fileRef = 8ACB497B1B1C2C15007575FB /* MenuView.m */; };
		8ACB497E1B1C2C23007575FB /* MenuView.xib in Resources */ = {isa = PBXBuildFile; fileRef = 8ACB497D1B1C2C23007575FB /* MenuView.xib */; };
		8ACB49801B1C333E007575FB /* MenuTableViewCell.xib in Resources */ = {isa = PBXBuildFile; fileRef = 8ACB497F1B1C333E007575FB /* MenuTableViewCell.xib */; };
		8ACB49831B1C33A9007575FB /* MenuTableViewCell.m in Sources */ = {isa = PBXBuildFile; fileRef = 8ACB49821B1C33A9007575FB /* MenuTableViewCell.m */; };
		8ACB49881B1C3966007575FB /* ProfileViewController.m in Sources */ = {isa = PBXBuildFile; fileRef = 8ACB49861B1C3966007575FB /* ProfileViewController.m */; };
		8ACB49891B1C3966007575FB /* ProfileViewController.xib in Resources */ = {isa = PBXBuildFile; fileRef = 8ACB49871B1C3966007575FB /* ProfileViewController.xib */; };
		8ACB498F1B1C3CB1007575FB /* DashboardViewController.m in Sources */ = {isa = PBXBuildFile; fileRef = 8ACB498D1B1C3CB1007575FB /* DashboardViewController.m */; };
		8ACB49901B1C3CB1007575FB /* DashboardViewController.xib in Resources */ = {isa = PBXBuildFile; fileRef = 8ACB498E1B1C3CB1007575FB /* DashboardViewController.xib */; };
		8ACB49941B1C3E86007575FB /* DashboardTableViewCell.m in Sources */ = {isa = PBXBuildFile; fileRef = 8ACB49921B1C3E86007575FB /* DashboardTableViewCell.m */; };
		8ACB49951B1C3E86007575FB /* DashboardTableViewCell.xib in Resources */ = {isa = PBXBuildFile; fileRef = 8ACB49931B1C3E86007575FB /* DashboardTableViewCell.xib */; };
/* End PBXBuildFile section */

/* Begin PBXContainerItemProxy section */
		8A648AF11B1C0AD100B14575 /* PBXContainerItemProxy */ = {
			isa = PBXContainerItemProxy;
			containerPortal = 8A648ACF1B1C0AD100B14575 /* Project object */;
			proxyType = 1;
			remoteGlobalIDString = 8A648AD61B1C0AD100B14575;
			remoteInfo = MovieCMS;
		};
/* End PBXContainerItemProxy section */

/* Begin PBXFileReference section */
		8A648AD71B1C0AD100B14575 /* MovieCMS.app */ = {isa = PBXFileReference; explicitFileType = wrapper.application; includeInIndex = 0; path = MovieCMS.app; sourceTree = BUILT_PRODUCTS_DIR; };
		8A648ADB1B1C0AD100B14575 /* Info.plist */ = {isa = PBXFileReference; lastKnownFileType = text.plist.xml; path = Info.plist; sourceTree = "<group>"; };
		8A648ADC1B1C0AD100B14575 /* main.m */ = {isa = PBXFileReference; lastKnownFileType = sourcecode.c.objc; path = main.m; sourceTree = "<group>"; };
		8A648ADE1B1C0AD100B14575 /* AppDelegate.h */ = {isa = PBXFileReference; lastKnownFileType = sourcecode.c.h; path = AppDelegate.h; sourceTree = "<group>"; };
		8A648ADF1B1C0AD100B14575 /* AppDelegate.m */ = {isa = PBXFileReference; lastKnownFileType = sourcecode.c.objc; path = AppDelegate.m; sourceTree = "<group>"; };
		8A648AE11B1C0AD100B14575 /* ViewController.h */ = {isa = PBXFileReference; lastKnownFileType = sourcecode.c.h; path = ViewController.h; sourceTree = "<group>"; };
		8A648AE21B1C0AD100B14575 /* ViewController.m */ = {isa = PBXFileReference; lastKnownFileType = sourcecode.c.objc; path = ViewController.m; sourceTree = "<group>"; };
		8A648AE51B1C0AD100B14575 /* Base */ = {isa = PBXFileReference; lastKnownFileType = file.storyboard; name = Base; path = Base.lproj/Main.storyboard; sourceTree = "<group>"; };
		8A648AE71B1C0AD100B14575 /* Images.xcassets */ = {isa = PBXFileReference; lastKnownFileType = folder.assetcatalog; path = Images.xcassets; sourceTree = "<group>"; };
		8A648AEA1B1C0AD100B14575 /* Base */ = {isa = PBXFileReference; lastKnownFileType = file.xib; name = Base; path = Base.lproj/LaunchScreen.xib; sourceTree = "<group>"; };
		8A648AF01B1C0AD100B14575 /* MovieCMSTests.xctest */ = {isa = PBXFileReference; explicitFileType = wrapper.cfbundle; includeInIndex = 0; path = MovieCMSTests.xctest; sourceTree = BUILT_PRODUCTS_DIR; };
		8A648AF51B1C0AD100B14575 /* Info.plist */ = {isa = PBXFileReference; lastKnownFileType = text.plist.xml; path = Info.plist; sourceTree = "<group>"; };
		8A648AF61B1C0AD100B14575 /* MovieCMSTests.m */ = {isa = PBXFileReference; lastKnownFileType = sourcecode.c.objc; path = MovieCMSTests.m; sourceTree = "<group>"; };
		8A648B021B1C0FCA00B14575 /* MFSideMenu.h */ = {isa = PBXFileReference; fileEncoding = 4; lastKnownFileType = sourcecode.c.h; path = MFSideMenu.h; sourceTree = "<group>"; };
		8A648B031B1C0FCA00B14575 /* MFSideMenuContainerViewController.h */ = {isa = PBXFileReference; fileEncoding = 4; lastKnownFileType = sourcecode.c.h; path = MFSideMenuContainerViewController.h; sourceTree = "<group>"; };
		8A648B041B1C0FCA00B14575 /* MFSideMenuContainerViewController.m */ = {isa = PBXFileReference; fileEncoding = 4; lastKnownFileType = sourcecode.c.objc; path = MFSideMenuContainerViewController.m; sourceTree = "<group>"; };
		8A648B051B1C0FCA00B14575 /* MFSideMenuShadow.h */ = {isa = PBXFileReference; fileEncoding = 4; lastKnownFileType = sourcecode.c.h; path = MFSideMenuShadow.h; sourceTree = "<group>"; };
		8A648B061B1C0FCA00B14575 /* MFSideMenuShadow.m */ = {isa = PBXFileReference; fileEncoding = 4; lastKnownFileType = sourcecode.c.objc; path = MFSideMenuShadow.m; sourceTree = "<group>"; };
		8A648B071B1C0FCA00B14575 /* UIViewController+MFSideMenuAdditions.h */ = {isa = PBXFileReference; fileEncoding = 4; lastKnownFileType = sourcecode.c.h; path = "UIViewController+MFSideMenuAdditions.h"; sourceTree = "<group>"; };
		8A648B081B1C0FCA00B14575 /* UIViewController+MFSideMenuAdditions.m */ = {isa = PBXFileReference; fileEncoding = 4; lastKnownFileType = sourcecode.c.objc; path = "UIViewController+MFSideMenuAdditions.m"; sourceTree = "<group>"; };
		8ACB49751B1C2B96007575FB /* MenuViewController.h */ = {isa = PBXFileReference; fileEncoding = 4; lastKnownFileType = sourcecode.c.h; name = MenuViewController.h; path = Menu/MenuViewController.h; sourceTree = "<group>"; };
		8ACB49761B1C2B96007575FB /* MenuViewController.m */ = {isa = PBXFileReference; fileEncoding = 4; lastKnownFileType = sourcecode.c.objc; name = MenuViewController.m; path = Menu/MenuViewController.m; sourceTree = "<group>"; };
		8ACB497A1B1C2C15007575FB /* MenuView.h */ = {isa = PBXFileReference; fileEncoding = 4; lastKnownFileType = sourcecode.c.h; name = MenuView.h; path = Menu/MenuView.h; sourceTree = "<group>"; };
		8ACB497B1B1C2C15007575FB /* MenuView.m */ = {isa = PBXFileReference; fileEncoding = 4; lastKnownFileType = sourcecode.c.objc; name = MenuView.m; path = Menu/MenuView.m; sourceTree = "<group>"; };
		8ACB497D1B1C2C23007575FB /* MenuView.xib */ = {isa = PBXFileReference; fileEncoding = 4; lastKnownFileType = file.xib; name = MenuView.xib; path = Menu/MenuView.xib; sourceTree = "<group>"; };
		8ACB497F1B1C333E007575FB /* MenuTableViewCell.xib */ = {isa = PBXFileReference; fileEncoding = 4; lastKnownFileType = file.xib; name = MenuTableViewCell.xib; path = Menu/MenuTableViewCell.xib; sourceTree = "<group>"; };
		8ACB49811B1C33A9007575FB /* MenuTableViewCell.h */ = {isa = PBXFileReference; fileEncoding = 4; lastKnownFileType = sourcecode.c.h; name = MenuTableViewCell.h; path = Menu/MenuTableViewCell.h; sourceTree = "<group>"; };
		8ACB49821B1C33A9007575FB /* MenuTableViewCell.m */ = {isa = PBXFileReference; fileEncoding = 4; lastKnownFileType = sourcecode.c.objc; name = MenuTableViewCell.m; path = Menu/MenuTableViewCell.m; sourceTree = "<group>"; };
		8ACB49851B1C3966007575FB /* ProfileViewController.h */ = {isa = PBXFileReference; fileEncoding = 4; lastKnownFileType = sourcecode.c.h; name = ProfileViewController.h; path = Profile/ProfileViewController.h; sourceTree = "<group>"; };
		8ACB49861B1C3966007575FB /* ProfileViewController.m */ = {isa = PBXFileReference; fileEncoding = 4; lastKnownFileType = sourcecode.c.objc; name = ProfileViewController.m; path = Profile/ProfileViewController.m; sourceTree = "<group>"; };
		8ACB49871B1C3966007575FB /* ProfileViewController.xib */ = {isa = PBXFileReference; fileEncoding = 4; lastKnownFileType = file.xib; name = ProfileViewController.xib; path = Profile/ProfileViewController.xib; sourceTree = "<group>"; };
		8ACB498C1B1C3CB1007575FB /* DashboardViewController.h */ = {isa = PBXFileReference; fileEncoding = 4; lastKnownFileType = sourcecode.c.h; name = DashboardViewController.h; path = Dashboard/DashboardViewController.h; sourceTree = "<group>"; };
		8ACB498D1B1C3CB1007575FB /* DashboardViewController.m */ = {isa = PBXFileReference; fileEncoding = 4; lastKnownFileType = sourcecode.c.objc; name = DashboardViewController.m; path = Dashboard/DashboardViewController.m; sourceTree = "<group>"; };
		8ACB498E1B1C3CB1007575FB /* DashboardViewController.xib */ = {isa = PBXFileReference; fileEncoding = 4; lastKnownFileType = file.xib; name = DashboardViewController.xib; path = Dashboard/DashboardViewController.xib; sourceTree = "<group>"; };
		8ACB49911B1C3E86007575FB /* DashboardTableViewCell.h */ = {isa = PBXFileReference; fileEncoding = 4; lastKnownFileType = sourcecode.c.h; name = DashboardTableViewCell.h; path = Dashboard/DashboardTableViewCell.h; sourceTree = "<group>"; };
		8ACB49921B1C3E86007575FB /* DashboardTableViewCell.m */ = {isa = PBXFileReference; fileEncoding = 4; lastKnownFileType = sourcecode.c.objc; name = DashboardTableViewCell.m; path = Dashboard/DashboardTableViewCell.m; sourceTree = "<group>"; };
		8ACB49931B1C3E86007575FB /* DashboardTableViewCell.xib */ = {isa = PBXFileReference; fileEncoding = 4; lastKnownFileType = file.xib; name = DashboardTableViewCell.xib; path = Dashboard/DashboardTableViewCell.xib; sourceTree = "<group>"; };
/* End PBXFileReference section */

/* Begin PBXFrameworksBuildPhase section */
		8A648AD41B1C0AD100B14575 /* Frameworks */ = {
			isa = PBXFrameworksBuildPhase;
			buildActionMask = 2147483647;
			files = (
			);
			runOnlyForDeploymentPostprocessing = 0;
		};
		8A648AED1B1C0AD100B14575 /* Frameworks */ = {
			isa = PBXFrameworksBuildPhase;
			buildActionMask = 2147483647;
			files = (
			);
			runOnlyForDeploymentPostprocessing = 0;
		};
/* End PBXFrameworksBuildPhase section */

/* Begin PBXGroup section */
		8A648ACE1B1C0AD100B14575 = {
			isa = PBXGroup;
			children = (
				8A648AD91B1C0AD100B14575 /* MovieCMS */,
				8A648B001B1C0FB500B14575 /* Plugin */,
				8A648AF31B1C0AD100B14575 /* MovieCMSTests */,
				8A648AD81B1C0AD100B14575 /* Products */,
			);
			sourceTree = "<group>";
		};
		8A648AD81B1C0AD100B14575 /* Products */ = {
			isa = PBXGroup;
			children = (
				8A648AD71B1C0AD100B14575 /* MovieCMS.app */,
				8A648AF01B1C0AD100B14575 /* MovieCMSTests.xctest */,
			);
			name = Products;
			sourceTree = "<group>";
		};
		8A648AD91B1C0AD100B14575 /* MovieCMS */ = {
			isa = PBXGroup;
			children = (
				8ACB49841B1C3932007575FB /* MenuItem */,
				8ACB49741B1C2B60007575FB /* NavigationMenu */,
				8A648ADE1B1C0AD100B14575 /* AppDelegate.h */,
				8A648ADF1B1C0AD100B14575 /* AppDelegate.m */,
				8A648AE11B1C0AD100B14575 /* ViewController.h */,
				8A648AE21B1C0AD100B14575 /* ViewController.m */,
				8A648AE41B1C0AD100B14575 /* Main.storyboard */,
				8A648AE71B1C0AD100B14575 /* Images.xcassets */,
				8A648AE91B1C0AD100B14575 /* LaunchScreen.xib */,
				8A648ADA1B1C0AD100B14575 /* Supporting Files */,
			);
			path = MovieCMS;
			sourceTree = "<group>";
		};
		8A648ADA1B1C0AD100B14575 /* Supporting Files */ = {
			isa = PBXGroup;
			children = (
				8A648ADB1B1C0AD100B14575 /* Info.plist */,
				8A648ADC1B1C0AD100B14575 /* main.m */,
			);
			name = "Supporting Files";
			sourceTree = "<group>";
		};
		8A648AF31B1C0AD100B14575 /* MovieCMSTests */ = {
			isa = PBXGroup;
			children = (
				8A648AF61B1C0AD100B14575 /* MovieCMSTests.m */,
				8A648AF41B1C0AD100B14575 /* Supporting Files */,
			);
			path = MovieCMSTests;
			sourceTree = "<group>";
		};
		8A648AF41B1C0AD100B14575 /* Supporting Files */ = {
			isa = PBXGroup;
			children = (
				8A648AF51B1C0AD100B14575 /* Info.plist */,
			);
			name = "Supporting Files";
			sourceTree = "<group>";
		};
		8A648B001B1C0FB500B14575 /* Plugin */ = {
			isa = PBXGroup;
			children = (
				8A648B011B1C0FCA00B14575 /* MFSideMenu */,
			);
			name = Plugin;
			sourceTree = "<group>";
		};
		8A648B011B1C0FCA00B14575 /* MFSideMenu */ = {
			isa = PBXGroup;
			children = (
				8A648B021B1C0FCA00B14575 /* MFSideMenu.h */,
				8A648B031B1C0FCA00B14575 /* MFSideMenuContainerViewController.h */,
				8A648B041B1C0FCA00B14575 /* MFSideMenuContainerViewController.m */,
				8A648B051B1C0FCA00B14575 /* MFSideMenuShadow.h */,
				8A648B061B1C0FCA00B14575 /* MFSideMenuShadow.m */,
				8A648B071B1C0FCA00B14575 /* UIViewController+MFSideMenuAdditions.h */,
				8A648B081B1C0FCA00B14575 /* UIViewController+MFSideMenuAdditions.m */,
			);
			name = MFSideMenu;
			path = MovieCMS/MFSideMenu;
			sourceTree = "<group>";
		};
		8ACB49741B1C2B60007575FB /* NavigationMenu */ = {
			isa = PBXGroup;
			children = (
				8ACB49751B1C2B96007575FB /* MenuViewController.h */,
				8ACB49761B1C2B96007575FB /* MenuViewController.m */,
				8ACB497A1B1C2C15007575FB /* MenuView.h */,
				8ACB497B1B1C2C15007575FB /* MenuView.m */,
				8ACB497D1B1C2C23007575FB /* MenuView.xib */,
				8ACB49811B1C33A9007575FB /* MenuTableViewCell.h */,
				8ACB49821B1C33A9007575FB /* MenuTableViewCell.m */,
				8ACB497F1B1C333E007575FB /* MenuTableViewCell.xib */,
			);
			name = NavigationMenu;
			sourceTree = "<group>";
		};
		8ACB49841B1C3932007575FB /* MenuItem */ = {
			isa = PBXGroup;
			children = (
				8ACB498B1B1C3C7F007575FB /* Dashboard */,
				8ACB498A1B1C3C70007575FB /* Profile */,
			);
			name = MenuItem;
			sourceTree = "<group>";
		};
		8ACB498A1B1C3C70007575FB /* Profile */ = {
			isa = PBXGroup;
			children = (
				8ACB49851B1C3966007575FB /* ProfileViewController.h */,
				8ACB49861B1C3966007575FB /* ProfileViewController.m */,
				8ACB49871B1C3966007575FB /* ProfileViewController.xib */,
			);
			name = Profile;
			sourceTree = "<group>";
		};
		8ACB498B1B1C3C7F007575FB /* Dashboard */ = {
			isa = PBXGroup;
			children = (
				8ACB498C1B1C3CB1007575FB /* DashboardViewController.h */,
				8ACB498D1B1C3CB1007575FB /* DashboardViewController.m */,
				8ACB498E1B1C3CB1007575FB /* DashboardViewController.xib */,
				8ACB49911B1C3E86007575FB /* DashboardTableViewCell.h */,
				8ACB49921B1C3E86007575FB /* DashboardTableViewCell.m */,
				8ACB49931B1C3E86007575FB /* DashboardTableViewCell.xib */,
			);
			name = Dashboard;
			sourceTree = "<group>";
		};
/* End PBXGroup section */

/* Begin PBXNativeTarget section */
		8A648AD61B1C0AD100B14575 /* MovieCMS */ = {
			isa = PBXNativeTarget;
			buildConfigurationList = 8A648AFA1B1C0AD100B14575 /* Build configuration list for PBXNativeTarget "MovieCMS" */;
			buildPhases = (
				8A648AD31B1C0AD100B14575 /* Sources */,
				8A648AD41B1C0AD100B14575 /* Frameworks */,
				8A648AD51B1C0AD100B14575 /* Resources */,
			);
			buildRules = (
			);
			dependencies = (
			);
			name = MovieCMS;
			productName = MovieCMS;
			productReference = 8A648AD71B1C0AD100B14575 /* MovieCMS.app */;
			productType = "com.apple.product-type.application";
		};
		8A648AEF1B1C0AD100B14575 /* MovieCMSTests */ = {
			isa = PBXNativeTarget;
			buildConfigurationList = 8A648AFD1B1C0AD100B14575 /* Build configuration list for PBXNativeTarget "MovieCMSTests" */;
			buildPhases = (
				8A648AEC1B1C0AD100B14575 /* Sources */,
				8A648AED1B1C0AD100B14575 /* Frameworks */,
				8A648AEE1B1C0AD100B14575 /* Resources */,
			);
			buildRules = (
			);
			dependencies = (
				8A648AF21B1C0AD100B14575 /* PBXTargetDependency */,
			);
			name = MovieCMSTests;
			productName = MovieCMSTests;
			productReference = 8A648AF01B1C0AD100B14575 /* MovieCMSTests.xctest */;
			productType = "com.apple.product-type.bundle.unit-test";
		};
/* End PBXNativeTarget section */

/* Begin PBXProject section */
		8A648ACF1B1C0AD100B14575 /* Project object */ = {
			isa = PBXProject;
			attributes = {
				LastUpgradeCheck = 0630;
				ORGANIZATIONNAME = AppDesignStudio;
				TargetAttributes = {
					8A648AD61B1C0AD100B14575 = {
						CreatedOnToolsVersion = 6.3.2;
					};
					8A648AEF1B1C0AD100B14575 = {
						CreatedOnToolsVersion = 6.3.2;
						TestTargetID = 8A648AD61B1C0AD100B14575;
					};
				};
			};
			buildConfigurationList = 8A648AD21B1C0AD100B14575 /* Build configuration list for PBXProject "MovieCMS" */;
			compatibilityVersion = "Xcode 3.2";
			developmentRegion = English;
			hasScannedForEncodings = 0;
			knownRegions = (
				en,
				Base,
			);
			mainGroup = 8A648ACE1B1C0AD100B14575;
			productRefGroup = 8A648AD81B1C0AD100B14575 /* Products */;
			projectDirPath = "";
			projectRoot = "";
			targets = (
				8A648AD61B1C0AD100B14575 /* MovieCMS */,
				8A648AEF1B1C0AD100B14575 /* MovieCMSTests */,
			);
		};
/* End PBXProject section */

/* Begin PBXResourcesBuildPhase section */
		8A648AD51B1C0AD100B14575 /* Resources */ = {
			isa = PBXResourcesBuildPhase;
			buildActionMask = 2147483647;
			files = (
				8ACB49891B1C3966007575FB /* ProfileViewController.xib in Resources */,
				8ACB49901B1C3CB1007575FB /* DashboardViewController.xib in Resources */,
				8A648AE61B1C0AD100B14575 /* Main.storyboard in Resources */,
				8ACB497E1B1C2C23007575FB /* MenuView.xib in Resources */,
				8A648AEB1B1C0AD100B14575 /* LaunchScreen.xib in Resources */,
				8ACB49801B1C333E007575FB /* MenuTableViewCell.xib in Resources */,
				8ACB49951B1C3E86007575FB /* DashboardTableViewCell.xib in Resources */,
				8A648AE81B1C0AD100B14575 /* Images.xcassets in Resources */,
			);
			runOnlyForDeploymentPostprocessing = 0;
		};
		8A648AEE1B1C0AD100B14575 /* Resources */ = {
			isa = PBXResourcesBuildPhase;
			buildActionMask = 2147483647;
			files = (
			);
			runOnlyForDeploymentPostprocessing = 0;
		};
/* End PBXResourcesBuildPhase section */

/* Begin PBXSourcesBuildPhase section */
		8A648AD31B1C0AD100B14575 /* Sources */ = {
			isa = PBXSourcesBuildPhase;
			buildActionMask = 2147483647;
			files = (
				8A648AE31B1C0AD100B14575 /* ViewController.m in Sources */,
				8A648B091B1C0FCA00B14575 /* MFSideMenuContainerViewController.m in Sources */,
				8A648B0A1B1C0FCA00B14575 /* MFSideMenuShadow.m in Sources */,
				8A648B0B1B1C0FCA00B14575 /* UIViewController+MFSideMenuAdditions.m in Sources */,
				8ACB49881B1C3966007575FB /* ProfileViewController.m in Sources */,
				8ACB498F1B1C3CB1007575FB /* DashboardViewController.m in Sources */,
				8ACB49941B1C3E86007575FB /* DashboardTableViewCell.m in Sources */,
				8ACB49781B1C2B96007575FB /* MenuViewController.m in Sources */,
				8ACB497C1B1C2C15007575FB /* MenuView.m in Sources */,
				8A648AE01B1C0AD100B14575 /* AppDelegate.m in Sources */,
				8ACB49831B1C33A9007575FB /* MenuTableViewCell.m in Sources */,
				8A648ADD1B1C0AD100B14575 /* main.m in Sources */,
			);
			runOnlyForDeploymentPostprocessing = 0;
		};
		8A648AEC1B1C0AD100B14575 /* Sources */ = {
			isa = PBXSourcesBuildPhase;
			buildActionMask = 2147483647;
			files = (
				8A648AF71B1C0AD100B14575 /* MovieCMSTests.m in Sources */,
			);
			runOnlyForDeploymentPostprocessing = 0;
		};
/* End PBXSourcesBuildPhase section */

/* Begin PBXTargetDependency section */
		8A648AF21B1C0AD100B14575 /* PBXTargetDependency */ = {
			isa = PBXTargetDependency;
			target = 8A648AD61B1C0AD100B14575 /* MovieCMS */;
			targetProxy = 8A648AF11B1C0AD100B14575 /* PBXContainerItemProxy */;
		};
/* End PBXTargetDependency section */

/* Begin PBXVariantGroup section */
		8A648AE41B1C0AD100B14575 /* Main.storyboard */ = {
			isa = PBXVariantGroup;
			children = (
				8A648AE51B1C0AD100B14575 /* Base */,
			);
			name = Main.storyboard;
			sourceTree = "<group>";
		};
		8A648AE91B1C0AD100B14575 /* LaunchScreen.xib */ = {
			isa = PBXVariantGroup;
			children = (
				8A648AEA1B1C0AD100B14575 /* Base */,
			);
			name = LaunchScreen.xib;
			sourceTree = "<group>";
		};
/* End PBXVariantGroup section */

/* Begin XCBuildConfiguration section */
		8A648AF81B1C0AD100B14575 /* Debug */ = {
			isa = XCBuildConfiguration;
			buildSettings = {
				ALWAYS_SEARCH_USER_PATHS = NO;
				CLANG_CXX_LANGUAGE_STANDARD = "gnu++0x";
				CLANG_CXX_LIBRARY = "libc++";
				CLANG_ENABLE_MODULES = YES;
				CLANG_ENABLE_OBJC_ARC = YES;
				CLANG_WARN_BOOL_CONVERSION = YES;
				CLANG_WARN_CONSTANT_CONVERSION = YES;
				CLANG_WARN_DIRECT_OBJC_ISA_USAGE = YES_ERROR;
				CLANG_WARN_EMPTY_BODY = YES;
				CLANG_WARN_ENUM_CONVERSION = YES;
				CLANG_WARN_INT_CONVERSION = YES;
				CLANG_WARN_OBJC_ROOT_CLASS = YES_ERROR;
				CLANG_WARN_UNREACHABLE_CODE = YES;
				CLANG_WARN__DUPLICATE_METHOD_MATCH = YES;
				"CODE_SIGN_IDENTITY[sdk=iphoneos*]" = "iPhone Developer";
				COPY_PHASE_STRIP = NO;
				DEBUG_INFORMATION_FORMAT = "dwarf-with-dsym";
				ENABLE_STRICT_OBJC_MSGSEND = YES;
				GCC_C_LANGUAGE_STANDARD = gnu99;
				GCC_DYNAMIC_NO_PIC = NO;
				GCC_NO_COMMON_BLOCKS = YES;
				GCC_OPTIMIZATION_LEVEL = 0;
				GCC_PREPROCESSOR_DEFINITIONS = (
					"DEBUG=1",
					"$(inherited)",
				);
				GCC_SYMBOLS_PRIVATE_EXTERN = NO;
				GCC_WARN_64_TO_32_BIT_CONVERSION = YES;
				GCC_WARN_ABOUT_RETURN_TYPE = YES_ERROR;
				GCC_WARN_UNDECLARED_SELECTOR = YES;
				GCC_WARN_UNINITIALIZED_AUTOS = YES_AGGRESSIVE;
				GCC_WARN_UNUSED_FUNCTION = YES;
				GCC_WARN_UNUSED_VARIABLE = YES;
				IPHONEOS_DEPLOYMENT_TARGET = 8.3;
				MTL_ENABLE_DEBUG_INFO = YES;
				ONLY_ACTIVE_ARCH = YES;
				SDKROOT = iphoneos;
			};
			name = Debug;
		};
		8A648AF91B1C0AD100B14575 /* Release */ = {
			isa = XCBuildConfiguration;
			buildSettings = {
				ALWAYS_SEARCH_USER_PATHS = NO;
				CLANG_CXX_LANGUAGE_STANDARD = "gnu++0x";
				CLANG_CXX_LIBRARY = "libc++";
				CLANG_ENABLE_MODULES = YES;
				CLANG_ENABLE_OBJC_ARC = YES;
				CLANG_WARN_BOOL_CONVERSION = YES;
				CLANG_WARN_CONSTANT_CONVERSION = YES;
				CLANG_WARN_DIRECT_OBJC_ISA_USAGE = YES_ERROR;
				CLANG_WARN_EMPTY_BODY = YES;
				CLANG_WARN_ENUM_CONVERSION = YES;
				CLANG_WARN_INT_CONVERSION = YES;
				CLANG_WARN_OBJC_ROOT_CLASS = YES_ERROR;
				CLANG_WARN_UNREACHABLE_CODE = YES;
				CLANG_WARN__DUPLICATE_METHOD_MATCH = YES;
				"CODE_SIGN_IDENTITY[sdk=iphoneos*]" = "iPhone Developer";
				COPY_PHASE_STRIP = NO;
				DEBUG_INFORMATION_FORMAT = "dwarf-with-dsym";
				ENABLE_NS_ASSERTIONS = NO;
				ENABLE_STRICT_OBJC_MSGSEND = YES;
				GCC_C_LANGUAGE_STANDARD = gnu99;
				GCC_NO_COMMON_BLOCKS = YES;
				GCC_WARN_64_TO_32_BIT_CONVERSION = YES;
				GCC_WARN_ABOUT_RETURN_TYPE = YES_ERROR;
				GCC_WARN_UNDECLARED_SELECTOR = YES;
				GCC_WARN_UNINITIALIZED_AUTOS = YES_AGGRESSIVE;
				GCC_WARN_UNUSED_FUNCTION = YES;
				GCC_WARN_UNUSED_VARIABLE = YES;
				IPHONEOS_DEPLOYMENT_TARGET = 8.3;
				MTL_ENABLE_DEBUG_INFO = NO;
				SDKROOT = iphoneos;
				VALIDATE_PRODUCT = YES;
			};
			name = Release;
		};
		8A648AFB1B1C0AD100B14575 /* Debug */ = {
			isa = XCBuildConfiguration;
			buildSettings = {
				ASSETCATALOG_COMPILER_APPICON_NAME = AppIcon;
				INFOPLIST_FILE = MovieCMS/Info.plist;
				LD_RUNPATH_SEARCH_PATHS = "$(inherited) @executable_path/Frameworks";
				PRODUCT_NAME = "$(TARGET_NAME)";
			};
			name = Debug;
		};
		8A648AFC1B1C0AD100B14575 /* Release */ = {
			isa = XCBuildConfiguration;
			buildSettings = {
				ASSETCATALOG_COMPILER_APPICON_NAME = AppIcon;
				INFOPLIST_FILE = MovieCMS/Info.plist;
				LD_RUNPATH_SEARCH_PATHS = "$(inherited) @executable_path/Frameworks";
				PRODUCT_NAME = "$(TARGET_NAME)";
			};
			name = Release;
		};
		8A648AFE1B1C0AD100B14575 /* Debug */ = {
			isa = XCBuildConfiguration;
			buildSettings = {
				BUNDLE_LOADER = "$(TEST_HOST)";
				FRAMEWORK_SEARCH_PATHS = (
					"$(SDKROOT)/Developer/Library/Frameworks",
					"$(inherited)",
				);
				GCC_PREPROCESSOR_DEFINITIONS = (
					"DEBUG=1",
					"$(inherited)",
				);
				INFOPLIST_FILE = MovieCMSTests/Info.plist;
				LD_RUNPATH_SEARCH_PATHS = "$(inherited) @executable_path/Frameworks @loader_path/Frameworks";
				PRODUCT_NAME = "$(TARGET_NAME)";
				TEST_HOST = "$(BUILT_PRODUCTS_DIR)/MovieCMS.app/MovieCMS";
			};
			name = Debug;
		};
		8A648AFF1B1C0AD100B14575 /* Release */ = {
			isa = XCBuildConfiguration;
			buildSettings = {
				BUNDLE_LOADER = "$(TEST_HOST)";
				FRAMEWORK_SEARCH_PATHS = (
					"$(SDKROOT)/Developer/Library/Frameworks",
					"$(inherited)",
				);
				INFOPLIST_FILE = MovieCMSTests/Info.plist;
				LD_RUNPATH_SEARCH_PATHS = "$(inherited) @executable_path/Frameworks @loader_path/Frameworks";
				PRODUCT_NAME = "$(TARGET_NAME)";
				TEST_HOST = "$(BUILT_PRODUCTS_DIR)/MovieCMS.app/MovieCMS";
			};
			name = Release;
		};
/* End XCBuildConfiguration section */

/* Begin XCConfigurationList section */
		8A648AD21B1C0AD100B14575 /* Build configuration list for PBXProject "MovieCMS" */ = {
			isa = XCConfigurationList;
			buildConfigurations = (
				8A648AF81B1C0AD100B14575 /* Debug */,
				8A648AF91B1C0AD100B14575 /* Release */,
			);
			defaultConfigurationIsVisible = 0;
			defaultConfigurationName = Release;
		};
		8A648AFA1B1C0AD100B14575 /* Build configuration list for PBXNativeTarget "MovieCMS" */ = {
			isa = XCConfigurationList;
			buildConfigurations = (
				8A648AFB1B1C0AD100B14575 /* Debug */,
				8A648AFC1B1C0AD100B14575 /* Release */,
			);
			defaultConfigurationIsVisible = 0;
			defaultConfigurationName = Release;
		};
		8A648AFD1B1C0AD100B14575 /* Build configuration list for PBXNativeTarget "MovieCMSTests" */ = {
			isa = XCConfigurationList;
			buildConfigurations = (
				8A648AFE1B1C0AD100B14575 /* Debug */,
				8A648AFF1B1C0AD100B14575 /* Release */,
			);
			defaultConfigurationIsVisible = 0;
			defaultConfigurationName = Release;
		};
/* End XCConfigurationList section */
	};
	rootObject = 8A648ACF1B1C0AD100B14575 /* Project object */;
}
